// !$*UTF8*$!
{
	archiveVersion = 1;
	classes = {
	};
	objectVersion = 46;
	objects = {

/* Begin PBXBuildFile section */
		863C364A15F8EE150015BD7D /* UIKit.framework in Frameworks */ = {isa = PBXBuildFile; fileRef = 863C364915F8EE150015BD7D /* UIKit.framework */; };
		863C364C15F8EE150015BD7D /* Foundation.framework in Frameworks */ = {isa = PBXBuildFile; fileRef = 863C364B15F8EE150015BD7D /* Foundation.framework */; };
		863C364E15F8EE150015BD7D /* CoreGraphics.framework in Frameworks */ = {isa = PBXBuildFile; fileRef = 863C364D15F8EE150015BD7D /* CoreGraphics.framework */; };
		863C365415F8EE150015BD7D /* InfoPlist.strings in Resources */ = {isa = PBXBuildFile; fileRef = 863C365215F8EE150015BD7D /* InfoPlist.strings */; };
		863C365615F8EE150015BD7D /* main.m in Sources */ = {isa = PBXBuildFile; fileRef = 863C365515F8EE150015BD7D /* main.m */; };
		863C365A15F8EE150015BD7D /* M1AppDelegate.m in Sources */ = {isa = PBXBuildFile; fileRef = 863C365915F8EE150015BD7D /* M1AppDelegate.m */; };
		863C365D15F8EE150015BD7D /* MainStoryboard.storyboard in Resources */ = {isa = PBXBuildFile; fileRef = 863C365B15F8EE150015BD7D /* MainStoryboard.storyboard */; };
		863C366015F8EE150015BD7D /* M1FirstViewController.m in Sources */ = {isa = PBXBuildFile; fileRef = 863C365F15F8EE150015BD7D /* M1FirstViewController.m */; };
		863C366215F8EE150015BD7D /* first.png in Resources */ = {isa = PBXBuildFile; fileRef = 863C366115F8EE150015BD7D /* first.png */; };
		863C366415F8EE150015BD7D /* first@2x.png in Resources */ = {isa = PBXBuildFile; fileRef = 863C366315F8EE150015BD7D /* first@2x.png */; };
		863C366715F8EE150015BD7D /* M1ScheduleViewController.m in Sources */ = {isa = PBXBuildFile; fileRef = 863C366615F8EE150015BD7D /* M1ScheduleViewController.m */; };
		863C366915F8EE150015BD7D /* second.png in Resources */ = {isa = PBXBuildFile; fileRef = 863C366815F8EE150015BD7D /* second.png */; };
		863C366B15F8EE150015BD7D /* second@2x.png in Resources */ = {isa = PBXBuildFile; fileRef = 863C366A15F8EE150015BD7D /* second@2x.png */; };
		863C367715F8EF410015BD7D /* AMCountdownModel.m in Sources */ = {isa = PBXBuildFile; fileRef = 863C367615F8EF410015BD7D /* AMCountdownModel.m */; };
		863C369215F90A030015BD7D /* SBTickerView.m in Sources */ = {isa = PBXBuildFile; fileRef = 863C368A15F907E60015BD7D /* SBTickerView.m */; };
		863C369315F90A030015BD7D /* SBDoubleSidedLayer.m in Sources */ = {isa = PBXBuildFile; fileRef = 863C368C15F907E60015BD7D /* SBDoubleSidedLayer.m */; };
		863C369415F90A030015BD7D /* SBGradientOverlayLayer.m in Sources */ = {isa = PBXBuildFile; fileRef = 863C368E15F907E60015BD7D /* SBGradientOverlayLayer.m */; };
		863C369515F90A030015BD7D /* AMNumberView.m in Sources */ = {isa = PBXBuildFile; fileRef = 863C368615F907D80015BD7D /* AMNumberView.m */; };
		863C369615F90EAB0015BD7D /* UIView+SBExtras.m in Sources */ = {isa = PBXBuildFile; fileRef = 863C368815F907E60015BD7D /* UIView+SBExtras.m */; };
		863C369715F910230015BD7D /* QuartzCore.framework in Frameworks */ = {isa = PBXBuildFile; fileRef = 863C369015F9099D0015BD7D /* QuartzCore.framework */; };
		864A6E94160B4EC0005A86E2 /* Turn3@2x.png in Resources */ = {isa = PBXBuildFile; fileRef = 864A6E82160B4EC0005A86E2 /* Turn3@2x.png */; };
		864A6E95160B4EC0005A86E2 /* Turn4@2x.png in Resources */ = {isa = PBXBuildFile; fileRef = 864A6E83160B4EC0005A86E2 /* Turn4@2x.png */; };
		864A6E96160B4EC0005A86E2 /* Turn5@2x.png in Resources */ = {isa = PBXBuildFile; fileRef = 864A6E84160B4EC0005A86E2 /* Turn5@2x.png */; };
		864A6E97160B4EC0005A86E2 /* Turn6@2x.png in Resources */ = {isa = PBXBuildFile; fileRef = 864A6E85160B4EC0005A86E2 /* Turn6@2x.png */; };
		864A6E98160B4EC0005A86E2 /* Turn7@2x.png in Resources */ = {isa = PBXBuildFile; fileRef = 864A6E86160B4EC0005A86E2 /* Turn7@2x.png */; };
		864A6E99160B4EC0005A86E2 /* Turn8@2x.png in Resources */ = {isa = PBXBuildFile; fileRef = 864A6E87160B4EC0005A86E2 /* Turn8@2x.png */; };
		864A6E9A160B4EC0005A86E2 /* Turn9@2x.png in Resources */ = {isa = PBXBuildFile; fileRef = 864A6E88160B4EC0005A86E2 /* Turn9@2x.png */; };
		864A6E9B160B4EC0005A86E2 /* Turn10@2x.png in Resources */ = {isa = PBXBuildFile; fileRef = 864A6E89160B4EC0005A86E2 /* Turn10@2x.png */; };
		864A6E9C160B4EC0005A86E2 /* Turn11@2x.png in Resources */ = {isa = PBXBuildFile; fileRef = 864A6E8A160B4EC0005A86E2 /* Turn11@2x.png */; };
		864A6E9D160B4EC0005A86E2 /* Turn12@2x.png in Resources */ = {isa = PBXBuildFile; fileRef = 864A6E8B160B4EC0005A86E2 /* Turn12@2x.png */; };
		864A6E9E160B4EC0005A86E2 /* Turn13@2x.png in Resources */ = {isa = PBXBuildFile; fileRef = 864A6E8C160B4EC0005A86E2 /* Turn13@2x.png */; };
		864A6E9F160B4EC0005A86E2 /* Turn14@2x.png in Resources */ = {isa = PBXBuildFile; fileRef = 864A6E8D160B4EC0005A86E2 /* Turn14@2x.png */; };
		864A6EA0160B4EC0005A86E2 /* Turn15@2x.png in Resources */ = {isa = PBXBuildFile; fileRef = 864A6E8E160B4EC0005A86E2 /* Turn15@2x.png */; };
		864A6EA1160B4EC0005A86E2 /* Turn16@2x.png in Resources */ = {isa = PBXBuildFile; fileRef = 864A6E8F160B4EC0005A86E2 /* Turn16@2x.png */; };
		864A6EA2160B4EC0005A86E2 /* Turn17@2x.png in Resources */ = {isa = PBXBuildFile; fileRef = 864A6E90160B4EC0005A86E2 /* Turn17@2x.png */; };
		864A6EA3160B4EC0005A86E2 /* Turn18@2x.png in Resources */ = {isa = PBXBuildFile; fileRef = 864A6E91160B4EC0005A86E2 /* Turn18@2x.png */; };
		864A6EA4160B4EC0005A86E2 /* Turn19@2x.png in Resources */ = {isa = PBXBuildFile; fileRef = 864A6E92160B4EC0005A86E2 /* Turn19@2x.png */; };
		864A6EA5160B4EC0005A86E2 /* Turn20@2x.png in Resources */ = {isa = PBXBuildFile; fileRef = 864A6E93160B4EC0005A86E2 /* Turn20@2x.png */; };
		864A6EC7160B7050005A86E2 /* NSData+Base64.m in Sources */ = {isa = PBXBuildFile; fileRef = 864A6EB5160B7050005A86E2 /* NSData+Base64.m */; };
		864A6EC8160B7050005A86E2 /* NSDate+RFC1123.m in Sources */ = {isa = PBXBuildFile; fileRef = 864A6EB7160B7050005A86E2 /* NSDate+RFC1123.m */; };
		864A6EC9160B7050005A86E2 /* NSDictionary+RequestEncoding.m in Sources */ = {isa = PBXBuildFile; fileRef = 864A6EB9160B7050005A86E2 /* NSDictionary+RequestEncoding.m */; };
		864A6ECA160B7050005A86E2 /* NSString+MKNetworkKitAdditions.m in Sources */ = {isa = PBXBuildFile; fileRef = 864A6EBB160B7050005A86E2 /* NSString+MKNetworkKitAdditions.m */; };
		864A6ECB160B7050005A86E2 /* UIAlertView+MKNetworkKitAdditions.m in Sources */ = {isa = PBXBuildFile; fileRef = 864A6EBD160B7050005A86E2 /* UIAlertView+MKNetworkKitAdditions.m */; };
		864A6ECC160B7050005A86E2 /* MKNetworkEngine.m in Sources */ = {isa = PBXBuildFile; fileRef = 864A6EBF160B7050005A86E2 /* MKNetworkEngine.m */; };
		864A6ECD160B7050005A86E2 /* MKNetworkOperation.m in Sources */ = {isa = PBXBuildFile; fileRef = 864A6EC2160B7050005A86E2 /* MKNetworkOperation.m */; };
		864A6ECE160B7050005A86E2 /* Reachability.m in Sources */ = {isa = PBXBuildFile; fileRef = 864A6EC5160B7050005A86E2 /* Reachability.m */; };
		864A6ED0160B7096005A86E2 /* CFNetwork.framework in Frameworks */ = {isa = PBXBuildFile; fileRef = 864A6ECF160B7095005A86E2 /* CFNetwork.framework */; };
		864A6ED2160B709F005A86E2 /* SystemConfiguration.framework in Frameworks */ = {isa = PBXBuildFile; fileRef = 864A6ED1160B709F005A86E2 /* SystemConfiguration.framework */; };
		864A6ED4160B70A6005A86E2 /* Security.framework in Frameworks */ = {isa = PBXBuildFile; fileRef = 864A6ED3160B70A6005A86E2 /* Security.framework */; };
		864A6EF5160B912E005A86E2 /* LBYouTubeMoviePlayerController.m in Sources */ = {isa = PBXBuildFile; fileRef = 864A6EF0160B912E005A86E2 /* LBYouTubeMoviePlayerController.m */; };
		864A6EF6160B912E005A86E2 /* LBYouTubePlayerController.m in Sources */ = {isa = PBXBuildFile; fileRef = 864A6EF2160B912E005A86E2 /* LBYouTubePlayerController.m */; };
		864A6EF7160B912E005A86E2 /* LBYouTubePlayerViewController.m in Sources */ = {isa = PBXBuildFile; fileRef = 864A6EF4160B912E005A86E2 /* LBYouTubePlayerViewController.m */; };
		864A6EFA160B913C005A86E2 /* JSONKit.m in Sources */ = {isa = PBXBuildFile; fileRef = 864A6EF9160B913C005A86E2 /* JSONKit.m */; settings = {COMPILER_FLAGS = "-fno-objc-arc"; }; };
		866B3A2E160CC58400A13E81 /* NSString+RelativeDate.m in Sources */ = {isa = PBXBuildFile; fileRef = 866B3A2D160CC58400A13E81 /* NSString+RelativeDate.m */; };
		866B3A3D160D022700A13E81 /* backIcon.png in Resources */ = {isa = PBXBuildFile; fileRef = 866B3A36160D022700A13E81 /* backIcon.png */; };
		866B3A3E160D022700A13E81 /* backIcon@2x.png in Resources */ = {isa = PBXBuildFile; fileRef = 866B3A37160D022700A13E81 /* backIcon@2x.png */; };
		866B3A3F160D022700A13E81 /* forwardIcon.png in Resources */ = {isa = PBXBuildFile; fileRef = 866B3A38160D022700A13E81 /* forwardIcon.png */; };
		866B3A40160D022700A13E81 /* forwardIcon@2x.png in Resources */ = {isa = PBXBuildFile; fileRef = 866B3A39160D022700A13E81 /* forwardIcon@2x.png */; };
		866B3A41160D022700A13E81 /* JHWebBrowser.m in Sources */ = {isa = PBXBuildFile; fileRef = 866B3A3B160D022700A13E81 /* JHWebBrowser.m */; };
		866B3A42160D022700A13E81 /* JHWebBrowser.xib in Resources */ = {isa = PBXBuildFile; fileRef = 866B3A3C160D022700A13E81 /* JHWebBrowser.xib */; };
		866B3A44160D0C6900A13E81 /* CoreImage.framework in Frameworks */ = {isa = PBXBuildFile; fileRef = 866B3A43160D0C6800A13E81 /* CoreImage.framework */; };
		866B3A46160D1B6400A13E81 /* EventKit.framework in Frameworks */ = {isa = PBXBuildFile; fileRef = 866B3A45160D1B6400A13E81 /* EventKit.framework */; };
		866B3A48160D236300A13E81 /* Social.framework in Frameworks */ = {isa = PBXBuildFile; fileRef = 866B3A47160D236300A13E81 /* Social.framework */; };
		866B3A4B1610A93300A13E81 /* Win-Jenson@2x.png in Resources */ = {isa = PBXBuildFile; fileRef = 866B3A4A1610A93300A13E81 /* Win-Jenson@2x.png */; };
		866B3A4F1610B6D100A13E81 /* UIView+ParentViewController.m in Sources */ = {isa = PBXBuildFile; fileRef = 866B3A4E1610B6D100A13E81 /* UIView+ParentViewController.m */; };
		866B3A521610DE1C00A13E81 /* M1TechnologyViewController.m in Sources */ = {isa = PBXBuildFile; fileRef = 866B3A511610DE1C00A13E81 /* M1TechnologyViewController.m */; };
		866B3A571610E43100A13E81 /* TechDrivers@2x.png in Resources */ = {isa = PBXBuildFile; fileRef = 866B3A561610E43100A13E81 /* TechDrivers@2x.png */; };
		866B3A591610E63B00A13E81 /* TechCar@2x.png in Resources */ = {isa = PBXBuildFile; fileRef = 866B3A581610E63B00A13E81 /* TechCar@2x.png */; };
		86A6F9FE160A64CC00780A2E /* Turn1@2x.png in Resources */ = {isa = PBXBuildFile; fileRef = 86A6F9FD160A64CC00780A2E /* Turn1@2x.png */; };
		86A6FA00160A657F00780A2E /* Turn2@2x.png in Resources */ = {isa = PBXBuildFile; fileRef = 86A6F9FF160A657F00780A2E /* Turn2@2x.png */; };
		86DC1AB2160BA9AD008531D5 /* Schedule.json in Resources */ = {isa = PBXBuildFile; fileRef = 86DC1AB1160BA9AD008531D5 /* Schedule.json */; };
		86DC1AB4160BCD38008531D5 /* ScheduleHeader@2x.png in Resources */ = {isa = PBXBuildFile; fileRef = 86DC1AB3160BCD38008531D5 /* ScheduleHeader@2x.png */; };
		86E4E93216036A4A00C19AE9 /* AppIcon.png in Resources */ = {isa = PBXBuildFile; fileRef = 86E4E93116036A4A00C19AE9 /* AppIcon.png */; };
		86E4E93416036A4D00C19AE9 /* AppIcon@2x.png in Resources */ = {isa = PBXBuildFile; fileRef = 86E4E93316036A4D00C19AE9 /* AppIcon@2x.png */; };
		86E4E93916036E9F00C19AE9 /* TableGradient@2x.png in Resources */ = {isa = PBXBuildFile; fileRef = 86E4E93816036E9F00C19AE9 /* TableGradient@2x.png */; };
		86E4E93F160379F000C19AE9 /* TickerGradientExtended@2x.png in Resources */ = {isa = PBXBuildFile; fileRef = 86E4E93E160379F000C19AE9 /* TickerGradientExtended@2x.png */; };
		86E4E9491603817E00C19AE9 /* 70-tv.png in Resources */ = {isa = PBXBuildFile; fileRef = 86E4E9411603817D00C19AE9 /* 70-tv.png */; };
		86E4E94A1603817E00C19AE9 /* 70-tv@2x.png in Resources */ = {isa = PBXBuildFile; fileRef = 86E4E9421603817E00C19AE9 /* 70-tv@2x.png */; };
		86E4E94B1603817E00C19AE9 /* 91-beaker-2.png in Resources */ = {isa = PBXBuildFile; fileRef = 86E4E9431603817E00C19AE9 /* 91-beaker-2.png */; };
		86E4E94C1603817E00C19AE9 /* 91-beaker-2@2x.png in Resources */ = {isa = PBXBuildFile; fileRef = 86E4E9441603817E00C19AE9 /* 91-beaker-2@2x.png */; };
		86E4E94D1603817E00C19AE9 /* 139-flags.png in Resources */ = {isa = PBXBuildFile; fileRef = 86E4E9451603817E00C19AE9 /* 139-flags.png */; };
		86E4E94E1603817E00C19AE9 /* 139-flags@2x.png in Resources */ = {isa = PBXBuildFile; fileRef = 86E4E9461603817E00C19AE9 /* 139-flags@2x.png */; };
		86E4E94F1603817E00C19AE9 /* 166-newspaper.png in Resources */ = {isa = PBXBuildFile; fileRef = 86E4E9471603817E00C19AE9 /* 166-newspaper.png */; };
		86E4E9501603817E00C19AE9 /* 166-newspaper@2x.png in Resources */ = {isa = PBXBuildFile; fileRef = 86E4E9481603817E00C19AE9 /* 166-newspaper@2x.png */; };
		86E4E9521603863A00C19AE9 /* Default@2x.png in Resources */ = {isa = PBXBuildFile; fileRef = 86E4E9511603863900C19AE9 /* Default@2x.png */; };
		86E4E9541603864300C19AE9 /* Default.png in Resources */ = {isa = PBXBuildFile; fileRef = 86E4E9531603864300C19AE9 /* Default.png */; };
		86E4E9561603869200C19AE9 /* Default-568h@2x.png in Resources */ = {isa = PBXBuildFile; fileRef = 86E4E9551603869200C19AE9 /* Default-568h@2x.png */; };
		86E4E9581603888400C19AE9 /* Linen@2x.png in Resources */ = {isa = PBXBuildFile; fileRef = 86E4E9571603888400C19AE9 /* Linen@2x.png */; };
		86E4E95D16039EE000C19AE9 /* M1VideoViewController.m in Sources */ = {isa = PBXBuildFile; fileRef = 86E4E95C16039EE000C19AE9 /* M1VideoViewController.m */; };
		86E4E95F1603A69100C19AE9 /* VideoCarousel@2x.png in Resources */ = {isa = PBXBuildFile; fileRef = 86E4E95E1603A69100C19AE9 /* VideoCarousel@2x.png */; };
		86E4E9611603A6DE00C19AE9 /* VideoCarousel.png in Resources */ = {isa = PBXBuildFile; fileRef = 86E4E9601603A6DE00C19AE9 /* VideoCarousel.png */; };
		86E4E9661603AF5E00C19AE9 /* VideoLoading-1@2x.png in Resources */ = {isa = PBXBuildFile; fileRef = 86E4E9621603AF5E00C19AE9 /* VideoLoading-1@2x.png */; };
		86E4E9671603AF5E00C19AE9 /* VideoLoading-2@2x.png in Resources */ = {isa = PBXBuildFile; fileRef = 86E4E9631603AF5E00C19AE9 /* VideoLoading-2@2x.png */; };
		86E4E9681603AF5E00C19AE9 /* VideoLoading-3@2x.png in Resources */ = {isa = PBXBuildFile; fileRef = 86E4E9641603AF5E00C19AE9 /* VideoLoading-3@2x.png */; };
		86E4E9691603AF5E00C19AE9 /* VideoLoading-4@2x.png in Resources */ = {isa = PBXBuildFile; fileRef = 86E4E9651603AF5E00C19AE9 /* VideoLoading-4@2x.png */; };
		86E4E96C1603BBD600C19AE9 /* M1VideoLoadingView.m in Sources */ = {isa = PBXBuildFile; fileRef = 86E4E96B1603BBD600C19AE9 /* M1VideoLoadingView.m */; };
		86E4E96E1603BCE600C19AE9 /* VideoThumbnailFrame@2x.png in Resources */ = {isa = PBXBuildFile; fileRef = 86E4E96D1603BCE600C19AE9 /* VideoThumbnailFrame@2x.png */; };
		86E4E9801603E21100C19AE9 /* MediaPlayer.framework in Frameworks */ = {isa = PBXBuildFile; fileRef = 86E4E97F1603E21100C19AE9 /* MediaPlayer.framework */; };
		86E4E9891607B22500C19AE9 /* VideoPlayButton@2x.png in Resources */ = {isa = PBXBuildFile; fileRef = 86E4E9881607B22400C19AE9 /* VideoPlayButton@2x.png */; };
		86E4EBA91609FE0200C19AE9 /* Tiles in Resources */ = {isa = PBXBuildFile; fileRef = 86E4EBA81609FDF900C19AE9 /* Tiles */; };
		86E4EBAE1609FE3900C19AE9 /* TileOverlay.m in Sources */ = {isa = PBXBuildFile; fileRef = 86E4EBAB1609FE3200C19AE9 /* TileOverlay.m */; };
		86E4EBAF1609FE3900C19AE9 /* TileOverlayView.m in Sources */ = {isa = PBXBuildFile; fileRef = 86E4EBAD1609FE3800C19AE9 /* TileOverlayView.m */; };
		86F25FC315FA456500A9C7C1 /* TickerBackground@2x.png in Resources */ = {isa = PBXBuildFile; fileRef = 86F25FC215FA456500A9C7C1 /* TickerBackground@2x.png */; };
		86F25FCE15FA5AEC00A9C7C1 /* M1CountdownViewController.m in Sources */ = {isa = PBXBuildFile; fileRef = 86F25FCD15FA5AEC00A9C7C1 /* M1CountdownViewController.m */; };
		86F25FD115FA62D200A9C7C1 /* AMCountdownView.m in Sources */ = {isa = PBXBuildFile; fileRef = 86F25FD015FA62D200A9C7C1 /* AMCountdownView.m */; };
		86F25FDB15FA813A00A9C7C1 /* M1MapViewController.m in Sources */ = {isa = PBXBuildFile; fileRef = 86F25FDA15FA813A00A9C7C1 /* M1MapViewController.m */; };
		86F25FE315FA92DD00A9C7C1 /* TickerFrame@2x.png in Resources */ = {isa = PBXBuildFile; fileRef = 86F25FE215FA92DD00A9C7C1 /* TickerFrame@2x.png */; };
		86F25FE515FAA3B400A9C7C1 /* TickerGradient@2x.png in Resources */ = {isa = PBXBuildFile; fileRef = 86F25FE415FAA3B400A9C7C1 /* TickerGradient@2x.png */; };
		86F25FEC15FE1EDB00A9C7C1 /* Novecentowide-Bold.otf in Resources */ = {isa = PBXBuildFile; fileRef = 86F25FE615FE1E3B00A9C7C1 /* Novecentowide-Bold.otf */; };
		86F25FED15FE1EDE00A9C7C1 /* Novecentowide-Book.otf in Resources */ = {isa = PBXBuildFile; fileRef = 86F25FE715FE1E3B00A9C7C1 /* Novecentowide-Book.otf */; };
		86F25FEE15FE1EE000A9C7C1 /* Novecentowide-DemiBold.otf in Resources */ = {isa = PBXBuildFile; fileRef = 86F25FE815FE1E3B00A9C7C1 /* Novecentowide-DemiBold.otf */; };
		86F25FEF15FE1EE300A9C7C1 /* Novecentowide-Light.otf in Resources */ = {isa = PBXBuildFile; fileRef = 86F25FE915FE1E3B00A9C7C1 /* Novecentowide-Light.otf */; };
		86F25FF015FE1EE500A9C7C1 /* Novecentowide-Medium.otf in Resources */ = {isa = PBXBuildFile; fileRef = 86F25FEA15FE1E3B00A9C7C1 /* Novecentowide-Medium.otf */; };
		86F25FF115FE1EE800A9C7C1 /* Novecentowide-Normal.otf in Resources */ = {isa = PBXBuildFile; fileRef = 86F25FEB15FE1E3B00A9C7C1 /* Novecentowide-Normal.otf */; };
		86F25FF315FE231500A9C7C1 /* CountdownTitle@2x.png in Resources */ = {isa = PBXBuildFile; fileRef = 86F25FF215FE231500A9C7C1 /* CountdownTitle@2x.png */; };
		86F25FF615FE266600A9C7C1 /* M1NavigationBar.m in Sources */ = {isa = PBXBuildFile; fileRef = 86F25FF515FE266600A9C7C1 /* M1NavigationBar.m */; };
		86F25FF815FE26EF00A9C7C1 /* NavBar@2x.png in Resources */ = {isa = PBXBuildFile; fileRef = 86F25FF715FE26EE00A9C7C1 /* NavBar@2x.png */; };
		86F25FFA15FE291500A9C7C1 /* MapKit.framework in Frameworks */ = {isa = PBXBuildFile; fileRef = 86F25FF915FE291500A9C7C1 /* MapKit.framework */; };
		86F25FFC15FE2BA200A9C7C1 /* CoreLocation.framework in Frameworks */ = {isa = PBXBuildFile; fileRef = 86F25FFB15FE2BA200A9C7C1 /* CoreLocation.framework */; };
		86F2600415FE344800A9C7C1 /* TrackOverlay@2x.png in Resources */ = {isa = PBXBuildFile; fileRef = 86F2600315FE344800A9C7C1 /* TrackOverlay@2x.png */; };
		86F2601315FE38DB00A9C7C1 /* 11-map-marker.png in Resources */ = {isa = PBXBuildFile; fileRef = 86F2601215FE38DB00A9C7C1 /* 11-map-marker.png */; };
		86F2601515FE38FD00A9C7C1 /* 12-map-pin.png in Resources */ = {isa = PBXBuildFile; fileRef = 86F2601415FE38FD00A9C7C1 /* 12-map-pin.png */; };
		86F2601715FE396A00A9C7C1 /* 04-eye.png in Resources */ = {isa = PBXBuildFile; fileRef = 86F2601615FE396A00A9C7C1 /* 04-eye.png */; };
		86F2602215FE3D4000A9C7C1 /* UIView+Origami.m in Sources */ = {isa = PBXBuildFile; fileRef = 86F2602115FE3D3F00A9C7C1 /* UIView+Origami.m */; };
		86F2602415FE404800A9C7C1 /* InfoPane@2x.png in Resources */ = {isa = PBXBuildFile; fileRef = 86F2602315FE404800A9C7C1 /* InfoPane@2x.png */; };
		86F2602615FE45CC00A9C7C1 /* InfoDrawerBackground@2x.png in Resources */ = {isa = PBXBuildFile; fileRef = 86F2602515FE45CB00A9C7C1 /* InfoDrawerBackground@2x.png */; };
		86F2602815FE485100A9C7C1 /* InfoDivider@2x.png in Resources */ = {isa = PBXBuildFile; fileRef = 86F2602715FE485000A9C7C1 /* InfoDivider@2x.png */; };
		86F2602B15FE6BC600A9C7C1 /* M1MapAnnotation.m in Sources */ = {isa = PBXBuildFile; fileRef = 86F2602A15FE6BC500A9C7C1 /* M1MapAnnotation.m */; };
		86F2602D15FE6F7E00A9C7C1 /* Render.jpg in Resources */ = {isa = PBXBuildFile; fileRef = 86F2602C15FE6F7D00A9C7C1 /* Render.jpg */; };
/* End PBXBuildFile section */

/* Begin PBXFileReference section */
		863C364515F8EE150015BD7D /* F1 Austin.app */ = {isa = PBXFileReference; explicitFileType = wrapper.application; includeInIndex = 0; path = "F1 Austin.app"; sourceTree = BUILT_PRODUCTS_DIR; };
		863C364915F8EE150015BD7D /* UIKit.framework */ = {isa = PBXFileReference; lastKnownFileType = wrapper.framework; name = UIKit.framework; path = System/Library/Frameworks/UIKit.framework; sourceTree = SDKROOT; };
		863C364B15F8EE150015BD7D /* Foundation.framework */ = {isa = PBXFileReference; lastKnownFileType = wrapper.framework; name = Foundation.framework; path = System/Library/Frameworks/Foundation.framework; sourceTree = SDKROOT; };
		863C364D15F8EE150015BD7D /* CoreGraphics.framework */ = {isa = PBXFileReference; lastKnownFileType = wrapper.framework; name = CoreGraphics.framework; path = System/Library/Frameworks/CoreGraphics.framework; sourceTree = SDKROOT; };
		863C365115F8EE150015BD7D /* Mobil 1 Fan Guide-Info.plist */ = {isa = PBXFileReference; lastKnownFileType = text.plist.xml; path = "Mobil 1 Fan Guide-Info.plist"; sourceTree = "<group>"; };
		863C365315F8EE150015BD7D /* en */ = {isa = PBXFileReference; lastKnownFileType = text.plist.strings; name = en; path = en.lproj/InfoPlist.strings; sourceTree = "<group>"; };
		863C365515F8EE150015BD7D /* main.m */ = {isa = PBXFileReference; lastKnownFileType = sourcecode.c.objc; path = main.m; sourceTree = "<group>"; };
		863C365715F8EE150015BD7D /* Mobil 1 Fan Guide-Prefix.pch */ = {isa = PBXFileReference; lastKnownFileType = sourcecode.c.h; path = "Mobil 1 Fan Guide-Prefix.pch"; sourceTree = "<group>"; };
		863C365815F8EE150015BD7D /* M1AppDelegate.h */ = {isa = PBXFileReference; lastKnownFileType = sourcecode.c.h; path = M1AppDelegate.h; sourceTree = "<group>"; };
		863C365915F8EE150015BD7D /* M1AppDelegate.m */ = {isa = PBXFileReference; lastKnownFileType = sourcecode.c.objc; path = M1AppDelegate.m; sourceTree = "<group>"; };
		863C365C15F8EE150015BD7D /* en */ = {isa = PBXFileReference; lastKnownFileType = file.storyboard; name = en; path = en.lproj/MainStoryboard.storyboard; sourceTree = "<group>"; };
		863C365E15F8EE150015BD7D /* M1FirstViewController.h */ = {isa = PBXFileReference; lastKnownFileType = sourcecode.c.h; path = M1FirstViewController.h; sourceTree = "<group>"; };
		863C365F15F8EE150015BD7D /* M1FirstViewController.m */ = {isa = PBXFileReference; lastKnownFileType = sourcecode.c.objc; path = M1FirstViewController.m; sourceTree = "<group>"; };
		863C366115F8EE150015BD7D /* first.png */ = {isa = PBXFileReference; lastKnownFileType = image.png; path = first.png; sourceTree = "<group>"; };
		863C366315F8EE150015BD7D /* first@2x.png */ = {isa = PBXFileReference; lastKnownFileType = image.png; path = "first@2x.png"; sourceTree = "<group>"; };
		863C366515F8EE150015BD7D /* M1ScheduleViewController.h */ = {isa = PBXFileReference; lastKnownFileType = sourcecode.c.h; path = M1ScheduleViewController.h; sourceTree = "<group>"; };
		863C366615F8EE150015BD7D /* M1ScheduleViewController.m */ = {isa = PBXFileReference; lastKnownFileType = sourcecode.c.objc; path = M1ScheduleViewController.m; sourceTree = "<group>"; };
		863C366815F8EE150015BD7D /* second.png */ = {isa = PBXFileReference; lastKnownFileType = image.png; path = second.png; sourceTree = "<group>"; };
		863C366A15F8EE150015BD7D /* second@2x.png */ = {isa = PBXFileReference; lastKnownFileType = image.png; path = "second@2x.png"; sourceTree = "<group>"; };
		863C367515F8EF410015BD7D /* AMCountdownModel.h */ = {isa = PBXFileReference; fileEncoding = 4; lastKnownFileType = sourcecode.c.h; path = AMCountdownModel.h; sourceTree = "<group>"; };
		863C367615F8EF410015BD7D /* AMCountdownModel.m */ = {isa = PBXFileReference; fileEncoding = 4; lastKnownFileType = sourcecode.c.objc; path = AMCountdownModel.m; sourceTree = "<group>"; };
		863C368515F907D80015BD7D /* AMNumberView.h */ = {isa = PBXFileReference; lastKnownFileType = sourcecode.c.h; path = AMNumberView.h; sourceTree = "<group>"; };
		863C368615F907D80015BD7D /* AMNumberView.m */ = {isa = PBXFileReference; lastKnownFileType = sourcecode.c.objc; path = AMNumberView.m; sourceTree = "<group>"; };
		863C368715F907E60015BD7D /* UIView+SBExtras.h */ = {isa = PBXFileReference; lastKnownFileType = sourcecode.c.h; path = "UIView+SBExtras.h"; sourceTree = "<group>"; };
		863C368815F907E60015BD7D /* UIView+SBExtras.m */ = {isa = PBXFileReference; lastKnownFileType = sourcecode.c.objc; path = "UIView+SBExtras.m"; sourceTree = "<group>"; };
		863C368915F907E60015BD7D /* SBTickerView.h */ = {isa = PBXFileReference; lastKnownFileType = sourcecode.c.h; path = SBTickerView.h; sourceTree = "<group>"; };
		863C368A15F907E60015BD7D /* SBTickerView.m */ = {isa = PBXFileReference; lastKnownFileType = sourcecode.c.objc; path = SBTickerView.m; sourceTree = "<group>"; };
		863C368B15F907E60015BD7D /* SBDoubleSidedLayer.h */ = {isa = PBXFileReference; lastKnownFileType = sourcecode.c.h; path = SBDoubleSidedLayer.h; sourceTree = "<group>"; };
		863C368C15F907E60015BD7D /* SBDoubleSidedLayer.m */ = {isa = PBXFileReference; lastKnownFileType = sourcecode.c.objc; path = SBDoubleSidedLayer.m; sourceTree = "<group>"; };
		863C368D15F907E60015BD7D /* SBGradientOverlayLayer.h */ = {isa = PBXFileReference; lastKnownFileType = sourcecode.c.h; path = SBGradientOverlayLayer.h; sourceTree = "<group>"; };
		863C368E15F907E60015BD7D /* SBGradientOverlayLayer.m */ = {isa = PBXFileReference; lastKnownFileType = sourcecode.c.objc; path = SBGradientOverlayLayer.m; sourceTree = "<group>"; };
		863C369015F9099D0015BD7D /* QuartzCore.framework */ = {isa = PBXFileReference; lastKnownFileType = wrapper.framework; name = QuartzCore.framework; path = System/Library/Frameworks/QuartzCore.framework; sourceTree = SDKROOT; };
		864A6E82160B4EC0005A86E2 /* Turn3@2x.png */ = {isa = PBXFileReference; lastKnownFileType = image.png; name = "Turn3@2x.png"; path = "Pins/Turn3@2x.png"; sourceTree = "<group>"; };
		864A6E83160B4EC0005A86E2 /* Turn4@2x.png */ = {isa = PBXFileReference; lastKnownFileType = image.png; name = "Turn4@2x.png"; path = "Pins/Turn4@2x.png"; sourceTree = "<group>"; };
		864A6E84160B4EC0005A86E2 /* Turn5@2x.png */ = {isa = PBXFileReference; lastKnownFileType = image.png; name = "Turn5@2x.png"; path = "Pins/Turn5@2x.png"; sourceTree = "<group>"; };
		864A6E85160B4EC0005A86E2 /* Turn6@2x.png */ = {isa = PBXFileReference; lastKnownFileType = image.png; name = "Turn6@2x.png"; path = "Pins/Turn6@2x.png"; sourceTree = "<group>"; };
		864A6E86160B4EC0005A86E2 /* Turn7@2x.png */ = {isa = PBXFileReference; lastKnownFileType = image.png; name = "Turn7@2x.png"; path = "Pins/Turn7@2x.png"; sourceTree = "<group>"; };
		864A6E87160B4EC0005A86E2 /* Turn8@2x.png */ = {isa = PBXFileReference; lastKnownFileType = image.png; name = "Turn8@2x.png"; path = "Pins/Turn8@2x.png"; sourceTree = "<group>"; };
		864A6E88160B4EC0005A86E2 /* Turn9@2x.png */ = {isa = PBXFileReference; lastKnownFileType = image.png; name = "Turn9@2x.png"; path = "Pins/Turn9@2x.png"; sourceTree = "<group>"; };
		864A6E89160B4EC0005A86E2 /* Turn10@2x.png */ = {isa = PBXFileReference; lastKnownFileType = image.png; name = "Turn10@2x.png"; path = "Pins/Turn10@2x.png"; sourceTree = "<group>"; };
		864A6E8A160B4EC0005A86E2 /* Turn11@2x.png */ = {isa = PBXFileReference; lastKnownFileType = image.png; name = "Turn11@2x.png"; path = "Pins/Turn11@2x.png"; sourceTree = "<group>"; };
		864A6E8B160B4EC0005A86E2 /* Turn12@2x.png */ = {isa = PBXFileReference; lastKnownFileType = image.png; name = "Turn12@2x.png"; path = "Pins/Turn12@2x.png"; sourceTree = "<group>"; };
		864A6E8C160B4EC0005A86E2 /* Turn13@2x.png */ = {isa = PBXFileReference; lastKnownFileType = image.png; name = "Turn13@2x.png"; path = "Pins/Turn13@2x.png"; sourceTree = "<group>"; };
		864A6E8D160B4EC0005A86E2 /* Turn14@2x.png */ = {isa = PBXFileReference; lastKnownFileType = image.png; name = "Turn14@2x.png"; path = "Pins/Turn14@2x.png"; sourceTree = "<group>"; };
		864A6E8E160B4EC0005A86E2 /* Turn15@2x.png */ = {isa = PBXFileReference; lastKnownFileType = image.png; name = "Turn15@2x.png"; path = "Pins/Turn15@2x.png"; sourceTree = "<group>"; };
		864A6E8F160B4EC0005A86E2 /* Turn16@2x.png */ = {isa = PBXFileReference; lastKnownFileType = image.png; name = "Turn16@2x.png"; path = "Pins/Turn16@2x.png"; sourceTree = "<group>"; };
		864A6E90160B4EC0005A86E2 /* Turn17@2x.png */ = {isa = PBXFileReference; lastKnownFileType = image.png; name = "Turn17@2x.png"; path = "Pins/Turn17@2x.png"; sourceTree = "<group>"; };
		864A6E91160B4EC0005A86E2 /* Turn18@2x.png */ = {isa = PBXFileReference; lastKnownFileType = image.png; name = "Turn18@2x.png"; path = "Pins/Turn18@2x.png"; sourceTree = "<group>"; };
		864A6E92160B4EC0005A86E2 /* Turn19@2x.png */ = {isa = PBXFileReference; lastKnownFileType = image.png; name = "Turn19@2x.png"; path = "Pins/Turn19@2x.png"; sourceTree = "<group>"; };
		864A6E93160B4EC0005A86E2 /* Turn20@2x.png */ = {isa = PBXFileReference; lastKnownFileType = image.png; name = "Turn20@2x.png"; path = "Pins/Turn20@2x.png"; sourceTree = "<group>"; };
		864A6EB4160B7050005A86E2 /* NSData+Base64.h */ = {isa = PBXFileReference; fileEncoding = 4; lastKnownFileType = sourcecode.c.h; path = "NSData+Base64.h"; sourceTree = "<group>"; };
		864A6EB5160B7050005A86E2 /* NSData+Base64.m */ = {isa = PBXFileReference; fileEncoding = 4; lastKnownFileType = sourcecode.c.objc; path = "NSData+Base64.m"; sourceTree = "<group>"; };
		864A6EB6160B7050005A86E2 /* NSDate+RFC1123.h */ = {isa = PBXFileReference; fileEncoding = 4; lastKnownFileType = sourcecode.c.h; path = "NSDate+RFC1123.h"; sourceTree = "<group>"; };
		864A6EB7160B7050005A86E2 /* NSDate+RFC1123.m */ = {isa = PBXFileReference; fileEncoding = 4; lastKnownFileType = sourcecode.c.objc; path = "NSDate+RFC1123.m"; sourceTree = "<group>"; };
		864A6EB8160B7050005A86E2 /* NSDictionary+RequestEncoding.h */ = {isa = PBXFileReference; fileEncoding = 4; lastKnownFileType = sourcecode.c.h; path = "NSDictionary+RequestEncoding.h"; sourceTree = "<group>"; };
		864A6EB9160B7050005A86E2 /* NSDictionary+RequestEncoding.m */ = {isa = PBXFileReference; fileEncoding = 4; lastKnownFileType = sourcecode.c.objc; path = "NSDictionary+RequestEncoding.m"; sourceTree = "<group>"; };
		864A6EBA160B7050005A86E2 /* NSString+MKNetworkKitAdditions.h */ = {isa = PBXFileReference; fileEncoding = 4; lastKnownFileType = sourcecode.c.h; path = "NSString+MKNetworkKitAdditions.h"; sourceTree = "<group>"; };
		864A6EBB160B7050005A86E2 /* NSString+MKNetworkKitAdditions.m */ = {isa = PBXFileReference; fileEncoding = 4; lastKnownFileType = sourcecode.c.objc; path = "NSString+MKNetworkKitAdditions.m"; sourceTree = "<group>"; };
		864A6EBC160B7050005A86E2 /* UIAlertView+MKNetworkKitAdditions.h */ = {isa = PBXFileReference; fileEncoding = 4; lastKnownFileType = sourcecode.c.h; path = "UIAlertView+MKNetworkKitAdditions.h"; sourceTree = "<group>"; };
		864A6EBD160B7050005A86E2 /* UIAlertView+MKNetworkKitAdditions.m */ = {isa = PBXFileReference; fileEncoding = 4; lastKnownFileType = sourcecode.c.objc; path = "UIAlertView+MKNetworkKitAdditions.m"; sourceTree = "<group>"; };
		864A6EBE160B7050005A86E2 /* MKNetworkEngine.h */ = {isa = PBXFileReference; fileEncoding = 4; lastKnownFileType = sourcecode.c.h; path = MKNetworkEngine.h; sourceTree = "<group>"; };
		864A6EBF160B7050005A86E2 /* MKNetworkEngine.m */ = {isa = PBXFileReference; fileEncoding = 4; lastKnownFileType = sourcecode.c.objc; path = MKNetworkEngine.m; sourceTree = "<group>"; };
		864A6EC0160B7050005A86E2 /* MKNetworkKit.h */ = {isa = PBXFileReference; fileEncoding = 4; lastKnownFileType = sourcecode.c.h; path = MKNetworkKit.h; sourceTree = "<group>"; };
		864A6EC1160B7050005A86E2 /* MKNetworkOperation.h */ = {isa = PBXFileReference; fileEncoding = 4; lastKnownFileType = sourcecode.c.h; path = MKNetworkOperation.h; sourceTree = "<group>"; };
		864A6EC2160B7050005A86E2 /* MKNetworkOperation.m */ = {isa = PBXFileReference; fileEncoding = 4; lastKnownFileType = sourcecode.c.objc; path = MKNetworkOperation.m; sourceTree = "<group>"; };
		864A6EC4160B7050005A86E2 /* Reachability.h */ = {isa = PBXFileReference; fileEncoding = 4; lastKnownFileType = sourcecode.c.h; path = Reachability.h; sourceTree = "<group>"; };
		864A6EC5160B7050005A86E2 /* Reachability.m */ = {isa = PBXFileReference; fileEncoding = 4; lastKnownFileType = sourcecode.c.objc; path = Reachability.m; sourceTree = "<group>"; };
		864A6ECF160B7095005A86E2 /* CFNetwork.framework */ = {isa = PBXFileReference; lastKnownFileType = wrapper.framework; name = CFNetwork.framework; path = System/Library/Frameworks/CFNetwork.framework; sourceTree = SDKROOT; };
		864A6ED1160B709F005A86E2 /* SystemConfiguration.framework */ = {isa = PBXFileReference; lastKnownFileType = wrapper.framework; name = SystemConfiguration.framework; path = System/Library/Frameworks/SystemConfiguration.framework; sourceTree = SDKROOT; };
		864A6ED3160B70A6005A86E2 /* Security.framework */ = {isa = PBXFileReference; lastKnownFileType = wrapper.framework; name = Security.framework; path = System/Library/Frameworks/Security.framework; sourceTree = SDKROOT; };
		864A6EEF160B912E005A86E2 /* LBYouTubeMoviePlayerController.h */ = {isa = PBXFileReference; fileEncoding = 4; lastKnownFileType = sourcecode.c.h; name = LBYouTubeMoviePlayerController.h; path = LBYouTubeView/LBYouTubeMoviePlayerController.h; sourceTree = "<group>"; };
		864A6EF0160B912E005A86E2 /* LBYouTubeMoviePlayerController.m */ = {isa = PBXFileReference; fileEncoding = 4; lastKnownFileType = sourcecode.c.objc; name = LBYouTubeMoviePlayerController.m; path = LBYouTubeView/LBYouTubeMoviePlayerController.m; sourceTree = "<group>"; };
		864A6EF1160B912E005A86E2 /* LBYouTubePlayerController.h */ = {isa = PBXFileReference; fileEncoding = 4; lastKnownFileType = sourcecode.c.h; name = LBYouTubePlayerController.h; path = LBYouTubeView/LBYouTubePlayerController.h; sourceTree = "<group>"; };
		864A6EF2160B912E005A86E2 /* LBYouTubePlayerController.m */ = {isa = PBXFileReference; fileEncoding = 4; lastKnownFileType = sourcecode.c.objc; name = LBYouTubePlayerController.m; path = LBYouTubeView/LBYouTubePlayerController.m; sourceTree = "<group>"; };
		864A6EF3160B912E005A86E2 /* LBYouTubePlayerViewController.h */ = {isa = PBXFileReference; fileEncoding = 4; lastKnownFileType = sourcecode.c.h; name = LBYouTubePlayerViewController.h; path = LBYouTubeView/LBYouTubePlayerViewController.h; sourceTree = "<group>"; };
		864A6EF4160B912E005A86E2 /* LBYouTubePlayerViewController.m */ = {isa = PBXFileReference; fileEncoding = 4; lastKnownFileType = sourcecode.c.objc; name = LBYouTubePlayerViewController.m; path = LBYouTubeView/LBYouTubePlayerViewController.m; sourceTree = "<group>"; };
		864A6EF8160B913C005A86E2 /* JSONKit.h */ = {isa = PBXFileReference; fileEncoding = 4; lastKnownFileType = sourcecode.c.h; name = JSONKit.h; path = JSONKit/JSONKit.h; sourceTree = SOURCE_ROOT; };
		864A6EF9160B913C005A86E2 /* JSONKit.m */ = {isa = PBXFileReference; fileEncoding = 4; lastKnownFileType = sourcecode.c.objc; name = JSONKit.m; path = JSONKit/JSONKit.m; sourceTree = SOURCE_ROOT; };
		866B3A2C160CC58400A13E81 /* NSString+RelativeDate.h */ = {isa = PBXFileReference; fileEncoding = 4; lastKnownFileType = sourcecode.c.h; path = "NSString+RelativeDate.h"; sourceTree = "<group>"; };
		866B3A2D160CC58400A13E81 /* NSString+RelativeDate.m */ = {isa = PBXFileReference; fileEncoding = 4; lastKnownFileType = sourcecode.c.objc; path = "NSString+RelativeDate.m"; sourceTree = "<group>"; };
		866B3A36160D022700A13E81 /* backIcon.png */ = {isa = PBXFileReference; lastKnownFileType = image.png; path = backIcon.png; sourceTree = "<group>"; };
		866B3A37160D022700A13E81 /* backIcon@2x.png */ = {isa = PBXFileReference; lastKnownFileType = image.png; path = "backIcon@2x.png"; sourceTree = "<group>"; };
		866B3A38160D022700A13E81 /* forwardIcon.png */ = {isa = PBXFileReference; lastKnownFileType = image.png; path = forwardIcon.png; sourceTree = "<group>"; };
		866B3A39160D022700A13E81 /* forwardIcon@2x.png */ = {isa = PBXFileReference; lastKnownFileType = image.png; path = "forwardIcon@2x.png"; sourceTree = "<group>"; };
		866B3A3A160D022700A13E81 /* JHWebBrowser.h */ = {isa = PBXFileReference; fileEncoding = 4; lastKnownFileType = sourcecode.c.h; path = JHWebBrowser.h; sourceTree = "<group>"; };
		866B3A3B160D022700A13E81 /* JHWebBrowser.m */ = {isa = PBXFileReference; fileEncoding = 4; lastKnownFileType = sourcecode.c.objc; path = JHWebBrowser.m; sourceTree = "<group>"; };
		866B3A3C160D022700A13E81 /* JHWebBrowser.xib */ = {isa = PBXFileReference; fileEncoding = 4; lastKnownFileType = file.xib; path = JHWebBrowser.xib; sourceTree = "<group>"; };
		866B3A43160D0C6800A13E81 /* CoreImage.framework */ = {isa = PBXFileReference; lastKnownFileType = wrapper.framework; name = CoreImage.framework; path = System/Library/Frameworks/CoreImage.framework; sourceTree = SDKROOT; };
		866B3A45160D1B6400A13E81 /* EventKit.framework */ = {isa = PBXFileReference; lastKnownFileType = wrapper.framework; name = EventKit.framework; path = System/Library/Frameworks/EventKit.framework; sourceTree = SDKROOT; };
		866B3A47160D236300A13E81 /* Social.framework */ = {isa = PBXFileReference; lastKnownFileType = wrapper.framework; name = Social.framework; path = System/Library/Frameworks/Social.framework; sourceTree = SDKROOT; };
		866B3A4A1610A93300A13E81 /* Win-Jenson@2x.png */ = {isa = PBXFileReference; lastKnownFileType = image.png; name = "Win-Jenson@2x.png"; path = "App Banners/Win-Jenson@2x.png"; sourceTree = SOURCE_ROOT; };
		866B3A4D1610B6D100A13E81 /* UIView+ParentViewController.h */ = {isa = PBXFileReference; fileEncoding = 4; lastKnownFileType = sourcecode.c.h; name = "UIView+ParentViewController.h"; path = "../UIView+ParentViewController.h"; sourceTree = "<group>"; };
		866B3A4E1610B6D100A13E81 /* UIView+ParentViewController.m */ = {isa = PBXFileReference; fileEncoding = 4; lastKnownFileType = sourcecode.c.objc; name = "UIView+ParentViewController.m"; path = "../UIView+ParentViewController.m"; sourceTree = "<group>"; };
		866B3A501610DE1C00A13E81 /* M1TechnologyViewController.h */ = {isa = PBXFileReference; fileEncoding = 4; lastKnownFileType = sourcecode.c.h; path = M1TechnologyViewController.h; sourceTree = "<group>"; };
		866B3A511610DE1C00A13E81 /* M1TechnologyViewController.m */ = {isa = PBXFileReference; fileEncoding = 4; lastKnownFileType = sourcecode.c.objc; path = M1TechnologyViewController.m; sourceTree = "<group>"; };
		866B3A561610E43100A13E81 /* TechDrivers@2x.png */ = {isa = PBXFileReference; lastKnownFileType = image.png; path = "TechDrivers@2x.png"; sourceTree = "<group>"; };
		866B3A581610E63B00A13E81 /* TechCar@2x.png */ = {isa = PBXFileReference; lastKnownFileType = image.png; path = "TechCar@2x.png"; sourceTree = "<group>"; };
		86A6F9FD160A64CC00780A2E /* Turn1@2x.png */ = {isa = PBXFileReference; lastKnownFileType = image.png; name = "Turn1@2x.png"; path = "Pins/Turn1@2x.png"; sourceTree = "<group>"; };
		86A6F9FF160A657F00780A2E /* Turn2@2x.png */ = {isa = PBXFileReference; lastKnownFileType = image.png; name = "Turn2@2x.png"; path = "Pins/Turn2@2x.png"; sourceTree = "<group>"; };
		86DC1AB1160BA9AD008531D5 /* Schedule.json */ = {isa = PBXFileReference; fileEncoding = 4; lastKnownFileType = text.json; path = Schedule.json; sourceTree = "<group>"; };
		86DC1AB3160BCD38008531D5 /* ScheduleHeader@2x.png */ = {isa = PBXFileReference; lastKnownFileType = image.png; path = "ScheduleHeader@2x.png"; sourceTree = "<group>"; };
		86E4E93116036A4A00C19AE9 /* AppIcon.png */ = {isa = PBXFileReference; lastKnownFileType = image.png; path = AppIcon.png; sourceTree = "<group>"; };
		86E4E93316036A4D00C19AE9 /* AppIcon@2x.png */ = {isa = PBXFileReference; lastKnownFileType = image.png; path = "AppIcon@2x.png"; sourceTree = "<group>"; };
		86E4E93816036E9F00C19AE9 /* TableGradient@2x.png */ = {isa = PBXFileReference; lastKnownFileType = image.png; path = "TableGradient@2x.png"; sourceTree = "<group>"; };
		86E4E93E160379F000C19AE9 /* TickerGradientExtended@2x.png */ = {isa = PBXFileReference; lastKnownFileType = image.png; name = "TickerGradientExtended@2x.png"; path = "Ticker/TickerGradientExtended@2x.png"; sourceTree = "<group>"; };
		86E4E9411603817D00C19AE9 /* 70-tv.png */ = {isa = PBXFileReference; lastKnownFileType = image.png; name = "70-tv.png"; path = "Tab Bar Icons/70-tv.png"; sourceTree = "<group>"; };
		86E4E9421603817E00C19AE9 /* 70-tv@2x.png */ = {isa = PBXFileReference; lastKnownFileType = image.png; name = "70-tv@2x.png"; path = "Tab Bar Icons/70-tv@2x.png"; sourceTree = "<group>"; };
		86E4E9431603817E00C19AE9 /* 91-beaker-2.png */ = {isa = PBXFileReference; lastKnownFileType = image.png; name = "91-beaker-2.png"; path = "Tab Bar Icons/91-beaker-2.png"; sourceTree = "<group>"; };
		86E4E9441603817E00C19AE9 /* 91-beaker-2@2x.png */ = {isa = PBXFileReference; lastKnownFileType = image.png; name = "91-beaker-2@2x.png"; path = "Tab Bar Icons/91-beaker-2@2x.png"; sourceTree = "<group>"; };
		86E4E9451603817E00C19AE9 /* 139-flags.png */ = {isa = PBXFileReference; lastKnownFileType = image.png; name = "139-flags.png"; path = "Tab Bar Icons/139-flags.png"; sourceTree = "<group>"; };
		86E4E9461603817E00C19AE9 /* 139-flags@2x.png */ = {isa = PBXFileReference; lastKnownFileType = image.png; name = "139-flags@2x.png"; path = "Tab Bar Icons/139-flags@2x.png"; sourceTree = "<group>"; };
		86E4E9471603817E00C19AE9 /* 166-newspaper.png */ = {isa = PBXFileReference; lastKnownFileType = image.png; name = "166-newspaper.png"; path = "Tab Bar Icons/166-newspaper.png"; sourceTree = "<group>"; };
		86E4E9481603817E00C19AE9 /* 166-newspaper@2x.png */ = {isa = PBXFileReference; lastKnownFileType = image.png; name = "166-newspaper@2x.png"; path = "Tab Bar Icons/166-newspaper@2x.png"; sourceTree = "<group>"; };
		86E4E9511603863900C19AE9 /* Default@2x.png */ = {isa = PBXFileReference; lastKnownFileType = image.png; path = "Default@2x.png"; sourceTree = "<group>"; };
		86E4E9531603864300C19AE9 /* Default.png */ = {isa = PBXFileReference; lastKnownFileType = image.png; path = Default.png; sourceTree = "<group>"; };
		86E4E9551603869200C19AE9 /* Default-568h@2x.png */ = {isa = PBXFileReference; lastKnownFileType = image.png; path = "Default-568h@2x.png"; sourceTree = "<group>"; };
		86E4E9571603888400C19AE9 /* Linen@2x.png */ = {isa = PBXFileReference; lastKnownFileType = image.png; path = "Linen@2x.png"; sourceTree = "<group>"; };
		86E4E95B16039EE000C19AE9 /* M1VideoViewController.h */ = {isa = PBXFileReference; fileEncoding = 4; lastKnownFileType = sourcecode.c.h; path = M1VideoViewController.h; sourceTree = "<group>"; };
		86E4E95C16039EE000C19AE9 /* M1VideoViewController.m */ = {isa = PBXFileReference; fileEncoding = 4; lastKnownFileType = sourcecode.c.objc; path = M1VideoViewController.m; sourceTree = "<group>"; };
		86E4E95E1603A69100C19AE9 /* VideoCarousel@2x.png */ = {isa = PBXFileReference; lastKnownFileType = image.png; path = "VideoCarousel@2x.png"; sourceTree = "<group>"; };
		86E4E9601603A6DE00C19AE9 /* VideoCarousel.png */ = {isa = PBXFileReference; lastKnownFileType = image.png; path = VideoCarousel.png; sourceTree = "<group>"; };
		86E4E9621603AF5E00C19AE9 /* VideoLoading-1@2x.png */ = {isa = PBXFileReference; lastKnownFileType = image.png; path = "VideoLoading-1@2x.png"; sourceTree = "<group>"; };
		86E4E9631603AF5E00C19AE9 /* VideoLoading-2@2x.png */ = {isa = PBXFileReference; lastKnownFileType = image.png; path = "VideoLoading-2@2x.png"; sourceTree = "<group>"; };
		86E4E9641603AF5E00C19AE9 /* VideoLoading-3@2x.png */ = {isa = PBXFileReference; lastKnownFileType = image.png; path = "VideoLoading-3@2x.png"; sourceTree = "<group>"; };
		86E4E9651603AF5E00C19AE9 /* VideoLoading-4@2x.png */ = {isa = PBXFileReference; lastKnownFileType = image.png; path = "VideoLoading-4@2x.png"; sourceTree = "<group>"; };
		86E4E96A1603BBD600C19AE9 /* M1VideoLoadingView.h */ = {isa = PBXFileReference; fileEncoding = 4; lastKnownFileType = sourcecode.c.h; path = M1VideoLoadingView.h; sourceTree = "<group>"; };
		86E4E96B1603BBD600C19AE9 /* M1VideoLoadingView.m */ = {isa = PBXFileReference; fileEncoding = 4; lastKnownFileType = sourcecode.c.objc; path = M1VideoLoadingView.m; sourceTree = "<group>"; };
		86E4E96D1603BCE600C19AE9 /* VideoThumbnailFrame@2x.png */ = {isa = PBXFileReference; lastKnownFileType = image.png; path = "VideoThumbnailFrame@2x.png"; sourceTree = "<group>"; };
		86E4E97F1603E21100C19AE9 /* MediaPlayer.framework */ = {isa = PBXFileReference; lastKnownFileType = wrapper.framework; name = MediaPlayer.framework; path = System/Library/Frameworks/MediaPlayer.framework; sourceTree = SDKROOT; };
		86E4E9881607B22400C19AE9 /* VideoPlayButton@2x.png */ = {isa = PBXFileReference; lastKnownFileType = image.png; path = "VideoPlayButton@2x.png"; sourceTree = "<group>"; };
		86E4EBA81609FDF900C19AE9 /* Tiles */ = {isa = PBXFileReference; lastKnownFileType = folder; path = Tiles; sourceTree = SOURCE_ROOT; };
		86E4EBAA1609FE2800C19AE9 /* TileOverlay.h */ = {isa = PBXFileReference; fileEncoding = 4; lastKnownFileType = sourcecode.c.h; name = TileOverlay.h; path = ../TileOverlay.h; sourceTree = "<group>"; };
		86E4EBAB1609FE3200C19AE9 /* TileOverlay.m */ = {isa = PBXFileReference; fileEncoding = 4; lastKnownFileType = sourcecode.c.objc; name = TileOverlay.m; path = ../TileOverlay.m; sourceTree = "<group>"; };
		86E4EBAC1609FE3500C19AE9 /* TileOverlayView.h */ = {isa = PBXFileReference; fileEncoding = 4; lastKnownFileType = sourcecode.c.h; name = TileOverlayView.h; path = ../TileOverlayView.h; sourceTree = "<group>"; };
		86E4EBAD1609FE3800C19AE9 /* TileOverlayView.m */ = {isa = PBXFileReference; fileEncoding = 4; lastKnownFileType = sourcecode.c.objc; name = TileOverlayView.m; path = ../TileOverlayView.m; sourceTree = "<group>"; };
		86F25FC215FA456500A9C7C1 /* TickerBackground@2x.png */ = {isa = PBXFileReference; lastKnownFileType = image.png; name = "TickerBackground@2x.png"; path = "Ticker/TickerBackground@2x.png"; sourceTree = "<group>"; };
		86F25FCC15FA5AEC00A9C7C1 /* M1CountdownViewController.h */ = {isa = PBXFileReference; fileEncoding = 4; lastKnownFileType = sourcecode.c.h; path = M1CountdownViewController.h; sourceTree = "<group>"; };
		86F25FCD15FA5AEC00A9C7C1 /* M1CountdownViewController.m */ = {isa = PBXFileReference; fileEncoding = 4; lastKnownFileType = sourcecode.c.objc; path = M1CountdownViewController.m; sourceTree = "<group>"; };
		86F25FCF15FA62D100A9C7C1 /* AMCountdownView.h */ = {isa = PBXFileReference; fileEncoding = 4; lastKnownFileType = sourcecode.c.h; path = AMCountdownView.h; sourceTree = "<group>"; };
		86F25FD015FA62D200A9C7C1 /* AMCountdownView.m */ = {isa = PBXFileReference; fileEncoding = 4; lastKnownFileType = sourcecode.c.objc; path = AMCountdownView.m; sourceTree = "<group>"; };
		86F25FD915FA813A00A9C7C1 /* M1MapViewController.h */ = {isa = PBXFileReference; fileEncoding = 4; lastKnownFileType = sourcecode.c.h; path = M1MapViewController.h; sourceTree = "<group>"; };
		86F25FDA15FA813A00A9C7C1 /* M1MapViewController.m */ = {isa = PBXFileReference; fileEncoding = 4; lastKnownFileType = sourcecode.c.objc; path = M1MapViewController.m; sourceTree = "<group>"; };
		86F25FE215FA92DD00A9C7C1 /* TickerFrame@2x.png */ = {isa = PBXFileReference; lastKnownFileType = image.png; name = "TickerFrame@2x.png"; path = "Ticker/TickerFrame@2x.png"; sourceTree = "<group>"; };
		86F25FE415FAA3B400A9C7C1 /* TickerGradient@2x.png */ = {isa = PBXFileReference; lastKnownFileType = image.png; name = "TickerGradient@2x.png"; path = "Ticker/TickerGradient@2x.png"; sourceTree = "<group>"; };
		86F25FE615FE1E3B00A9C7C1 /* Novecentowide-Bold.otf */ = {isa = PBXFileReference; lastKnownFileType = file; path = "Novecentowide-Bold.otf"; sourceTree = "<group>"; };
		86F25FE715FE1E3B00A9C7C1 /* Novecentowide-Book.otf */ = {isa = PBXFileReference; lastKnownFileType = file; path = "Novecentowide-Book.otf"; sourceTree = "<group>"; };
		86F25FE815FE1E3B00A9C7C1 /* Novecentowide-DemiBold.otf */ = {isa = PBXFileReference; lastKnownFileType = file; path = "Novecentowide-DemiBold.otf"; sourceTree = "<group>"; };
		86F25FE915FE1E3B00A9C7C1 /* Novecentowide-Light.otf */ = {isa = PBXFileReference; lastKnownFileType = file; path = "Novecentowide-Light.otf"; sourceTree = "<group>"; };
		86F25FEA15FE1E3B00A9C7C1 /* Novecentowide-Medium.otf */ = {isa = PBXFileReference; lastKnownFileType = file; path = "Novecentowide-Medium.otf"; sourceTree = "<group>"; };
		86F25FEB15FE1E3B00A9C7C1 /* Novecentowide-Normal.otf */ = {isa = PBXFileReference; lastKnownFileType = file; path = "Novecentowide-Normal.otf"; sourceTree = "<group>"; };
		86F25FF215FE231500A9C7C1 /* CountdownTitle@2x.png */ = {isa = PBXFileReference; lastKnownFileType = image.png; name = "CountdownTitle@2x.png"; path = "Ticker/CountdownTitle@2x.png"; sourceTree = "<group>"; };
		86F25FF415FE266500A9C7C1 /* M1NavigationBar.h */ = {isa = PBXFileReference; fileEncoding = 4; lastKnownFileType = sourcecode.c.h; path = M1NavigationBar.h; sourceTree = "<group>"; };
		86F25FF515FE266600A9C7C1 /* M1NavigationBar.m */ = {isa = PBXFileReference; fileEncoding = 4; lastKnownFileType = sourcecode.c.objc; path = M1NavigationBar.m; sourceTree = "<group>"; };
		86F25FF715FE26EE00A9C7C1 /* NavBar@2x.png */ = {isa = PBXFileReference; lastKnownFileType = image.png; path = "NavBar@2x.png"; sourceTree = "<group>"; };
		86F25FF915FE291500A9C7C1 /* MapKit.framework */ = {isa = PBXFileReference; lastKnownFileType = wrapper.framework; name = MapKit.framework; path = System/Library/Frameworks/MapKit.framework; sourceTree = SDKROOT; };
		86F25FFB15FE2BA200A9C7C1 /* CoreLocation.framework */ = {isa = PBXFileReference; lastKnownFileType = wrapper.framework; name = CoreLocation.framework; path = System/Library/Frameworks/CoreLocation.framework; sourceTree = SDKROOT; };
		86F2600315FE344800A9C7C1 /* TrackOverlay@2x.png */ = {isa = PBXFileReference; lastKnownFileType = image.png; path = "TrackOverlay@2x.png"; sourceTree = "<group>"; };
		86F2601215FE38DB00A9C7C1 /* 11-map-marker.png */ = {isa = PBXFileReference; lastKnownFileType = image.png; path = "11-map-marker.png"; sourceTree = "<group>"; };
		86F2601415FE38FD00A9C7C1 /* 12-map-pin.png */ = {isa = PBXFileReference; lastKnownFileType = image.png; path = "12-map-pin.png"; sourceTree = "<group>"; };
		86F2601615FE396A00A9C7C1 /* 04-eye.png */ = {isa = PBXFileReference; lastKnownFileType = image.png; path = "04-eye.png"; sourceTree = "<group>"; };
		86F2602015FE3D3E00A9C7C1 /* UIView+Origami.h */ = {isa = PBXFileReference; fileEncoding = 4; lastKnownFileType = sourcecode.c.h; path = "UIView+Origami.h"; sourceTree = "<group>"; };
		86F2602115FE3D3F00A9C7C1 /* UIView+Origami.m */ = {isa = PBXFileReference; fileEncoding = 4; lastKnownFileType = sourcecode.c.objc; path = "UIView+Origami.m"; sourceTree = "<group>"; };
		86F2602315FE404800A9C7C1 /* InfoPane@2x.png */ = {isa = PBXFileReference; lastKnownFileType = image.png; path = "InfoPane@2x.png"; sourceTree = "<group>"; };
		86F2602515FE45CB00A9C7C1 /* InfoDrawerBackground@2x.png */ = {isa = PBXFileReference; lastKnownFileType = image.png; path = "InfoDrawerBackground@2x.png"; sourceTree = "<group>"; };
		86F2602715FE485000A9C7C1 /* InfoDivider@2x.png */ = {isa = PBXFileReference; lastKnownFileType = image.png; path = "InfoDivider@2x.png"; sourceTree = "<group>"; };
		86F2602915FE6BC400A9C7C1 /* M1MapAnnotation.h */ = {isa = PBXFileReference; fileEncoding = 4; lastKnownFileType = sourcecode.c.h; path = M1MapAnnotation.h; sourceTree = "<group>"; };
		86F2602A15FE6BC500A9C7C1 /* M1MapAnnotation.m */ = {isa = PBXFileReference; fileEncoding = 4; lastKnownFileType = sourcecode.c.objc; path = M1MapAnnotation.m; sourceTree = "<group>"; };
		86F2602C15FE6F7D00A9C7C1 /* Render.jpg */ = {isa = PBXFileReference; lastKnownFileType = image.jpeg; path = Render.jpg; sourceTree = "<group>"; };
/* End PBXFileReference section */

/* Begin PBXFrameworksBuildPhase section */
		863C364215F8EE150015BD7D /* Frameworks */ = {
			isa = PBXFrameworksBuildPhase;
			buildActionMask = 2147483647;
			files = (
				866B3A48160D236300A13E81 /* Social.framework in Frameworks */,
				866B3A46160D1B6400A13E81 /* EventKit.framework in Frameworks */,
				866B3A44160D0C6900A13E81 /* CoreImage.framework in Frameworks */,
				864A6ED4160B70A6005A86E2 /* Security.framework in Frameworks */,
				864A6ED2160B709F005A86E2 /* SystemConfiguration.framework in Frameworks */,
				864A6ED0160B7096005A86E2 /* CFNetwork.framework in Frameworks */,
				86E4E9801603E21100C19AE9 /* MediaPlayer.framework in Frameworks */,
				86F25FFC15FE2BA200A9C7C1 /* CoreLocation.framework in Frameworks */,
				86F25FFA15FE291500A9C7C1 /* MapKit.framework in Frameworks */,
				863C369715F910230015BD7D /* QuartzCore.framework in Frameworks */,
				863C364A15F8EE150015BD7D /* UIKit.framework in Frameworks */,
				863C364C15F8EE150015BD7D /* Foundation.framework in Frameworks */,
				863C364E15F8EE150015BD7D /* CoreGraphics.framework in Frameworks */,
			);
			runOnlyForDeploymentPostprocessing = 0;
		};
/* End PBXFrameworksBuildPhase section */

/* Begin PBXGroup section */
		863C363A15F8EE140015BD7D = {
			isa = PBXGroup;
			children = (
				86E4E9551603869200C19AE9 /* Default-568h@2x.png */,
				86E4E9531603864300C19AE9 /* Default.png */,
				86E4E9511603863900C19AE9 /* Default@2x.png */,
				86E4E93316036A4D00C19AE9 /* AppIcon@2x.png */,
				86E4E93116036A4A00C19AE9 /* AppIcon.png */,
				863C364F15F8EE150015BD7D /* Mobil 1 Fan Guide */,
				86DC1AB0160BA012008531D5 /* Supporting Libraries */,
				863C364815F8EE150015BD7D /* Frameworks */,
				863C364615F8EE150015BD7D /* Products */,
			);
			sourceTree = "<group>";
		};
		863C364615F8EE150015BD7D /* Products */ = {
			isa = PBXGroup;
			children = (
				863C364515F8EE150015BD7D /* F1 Austin.app */,
			);
			name = Products;
			sourceTree = "<group>";
		};
		863C364815F8EE150015BD7D /* Frameworks */ = {
			isa = PBXGroup;
			children = (
				866B3A47160D236300A13E81 /* Social.framework */,
				866B3A45160D1B6400A13E81 /* EventKit.framework */,
				86E4E97F1603E21100C19AE9 /* MediaPlayer.framework */,
				86F25FFB15FE2BA200A9C7C1 /* CoreLocation.framework */,
				86F25FF915FE291500A9C7C1 /* MapKit.framework */,
				863C369015F9099D0015BD7D /* QuartzCore.framework */,
				863C364915F8EE150015BD7D /* UIKit.framework */,
				863C364B15F8EE150015BD7D /* Foundation.framework */,
				863C364D15F8EE150015BD7D /* CoreGraphics.framework */,
				866B3A43160D0C6800A13E81 /* CoreImage.framework */,
				864A6ED3160B70A6005A86E2 /* Security.framework */,
				864A6ED1160B709F005A86E2 /* SystemConfiguration.framework */,
				864A6ECF160B7095005A86E2 /* CFNetwork.framework */,
			);
			name = Frameworks;
			sourceTree = "<group>";
		};
		863C364F15F8EE150015BD7D /* Mobil 1 Fan Guide */ = {
			isa = PBXGroup;
			children = (
				863C365B15F8EE150015BD7D /* MainStoryboard.storyboard */,
				863C365815F8EE150015BD7D /* M1AppDelegate.h */,
				863C365915F8EE150015BD7D /* M1AppDelegate.m */,
				866B3A491610A8EC00A13E81 /* Countdown Banner */,
				86DC1AAA160B969D008531D5 /* Schedule Tab */,
				866B3A531610DE2500A13E81 /* Technology Tab */,
				86E4E98E1608CB0A00C19AE9 /* Video Tab */,
				86E4EBB0160A028000C19AE9 /* Map View */,
				86E4E98F1608CB7100C19AE9 /* User Interface */,
				86E4E9571603888400C19AE9 /* Linen@2x.png */,
				863C365E15F8EE150015BD7D /* M1FirstViewController.h */,
				863C365F15F8EE150015BD7D /* M1FirstViewController.m */,
				86E4E93816036E9F00C19AE9 /* TableGradient@2x.png */,
				86F2602715FE485000A9C7C1 /* InfoDivider@2x.png */,
				86F2602C15FE6F7D00A9C7C1 /* Render.jpg */,
				86F2602015FE3D3E00A9C7C1 /* UIView+Origami.h */,
				86F2602115FE3D3F00A9C7C1 /* UIView+Origami.m */,
				86F2602315FE404800A9C7C1 /* InfoPane@2x.png */,
				86F2602515FE45CB00A9C7C1 /* InfoDrawerBackground@2x.png */,
				86F2600315FE344800A9C7C1 /* TrackOverlay@2x.png */,
				863C366115F8EE150015BD7D /* first.png */,
				863C366315F8EE150015BD7D /* first@2x.png */,
				863C366815F8EE150015BD7D /* second.png */,
				863C366A15F8EE150015BD7D /* second@2x.png */,
				86F2601415FE38FD00A9C7C1 /* 12-map-pin.png */,
				86F2601215FE38DB00A9C7C1 /* 11-map-marker.png */,
				86F2601615FE396A00A9C7C1 /* 04-eye.png */,
				863C365015F8EE150015BD7D /* Supporting Files */,
			);
			path = "Mobil 1 Fan Guide";
			sourceTree = "<group>";
		};
		863C365015F8EE150015BD7D /* Supporting Files */ = {
			isa = PBXGroup;
			children = (
				86E4E940160380EA00C19AE9 /* Tab Bar Icons */,
				86F25FE615FE1E3B00A9C7C1 /* Novecentowide-Bold.otf */,
				86F25FE715FE1E3B00A9C7C1 /* Novecentowide-Book.otf */,
				86F25FE815FE1E3B00A9C7C1 /* Novecentowide-DemiBold.otf */,
				86F25FE915FE1E3B00A9C7C1 /* Novecentowide-Light.otf */,
				86F25FEA15FE1E3B00A9C7C1 /* Novecentowide-Medium.otf */,
				86F25FEB15FE1E3B00A9C7C1 /* Novecentowide-Normal.otf */,
				863C365115F8EE150015BD7D /* Mobil 1 Fan Guide-Info.plist */,
				863C365215F8EE150015BD7D /* InfoPlist.strings */,
				863C365515F8EE150015BD7D /* main.m */,
				863C365715F8EE150015BD7D /* Mobil 1 Fan Guide-Prefix.pch */,
			);
			name = "Supporting Files";
			sourceTree = "<group>";
		};
		863C368F15F907EF0015BD7D /* SBTickerView */ = {
			isa = PBXGroup;
			children = (
				863C368715F907E60015BD7D /* UIView+SBExtras.h */,
				863C368815F907E60015BD7D /* UIView+SBExtras.m */,
				863C368915F907E60015BD7D /* SBTickerView.h */,
				863C368A15F907E60015BD7D /* SBTickerView.m */,
				863C368B15F907E60015BD7D /* SBDoubleSidedLayer.h */,
				863C368C15F907E60015BD7D /* SBDoubleSidedLayer.m */,
				863C368D15F907E60015BD7D /* SBGradientOverlayLayer.h */,
				863C368E15F907E60015BD7D /* SBGradientOverlayLayer.m */,
			);
			name = SBTickerView;
			sourceTree = "<group>";
		};
		864A6E80160B4EB2005A86E2 /* Pins */ = {
			isa = PBXGroup;
			children = (
				86A6F9FD160A64CC00780A2E /* Turn1@2x.png */,
				86A6F9FF160A657F00780A2E /* Turn2@2x.png */,
				864A6E82160B4EC0005A86E2 /* Turn3@2x.png */,
				864A6E83160B4EC0005A86E2 /* Turn4@2x.png */,
				864A6E84160B4EC0005A86E2 /* Turn5@2x.png */,
				864A6E85160B4EC0005A86E2 /* Turn6@2x.png */,
				864A6E86160B4EC0005A86E2 /* Turn7@2x.png */,
				864A6E87160B4EC0005A86E2 /* Turn8@2x.png */,
				864A6E88160B4EC0005A86E2 /* Turn9@2x.png */,
				864A6E89160B4EC0005A86E2 /* Turn10@2x.png */,
				864A6E8A160B4EC0005A86E2 /* Turn11@2x.png */,
				864A6E8B160B4EC0005A86E2 /* Turn12@2x.png */,
				864A6E8C160B4EC0005A86E2 /* Turn13@2x.png */,
				864A6E8D160B4EC0005A86E2 /* Turn14@2x.png */,
				864A6E8E160B4EC0005A86E2 /* Turn15@2x.png */,
				864A6E8F160B4EC0005A86E2 /* Turn16@2x.png */,
				864A6E90160B4EC0005A86E2 /* Turn17@2x.png */,
				864A6E91160B4EC0005A86E2 /* Turn18@2x.png */,
				864A6E92160B4EC0005A86E2 /* Turn19@2x.png */,
				864A6E93160B4EC0005A86E2 /* Turn20@2x.png */,
			);
			name = Pins;
			sourceTree = "<group>";
		};
		864A6EB0160B7050005A86E2 /* MKNetworkKit */ = {
			isa = PBXGroup;
			children = (
				864A6EB1160B7050005A86E2 /* Categories */,
				864A6EBE160B7050005A86E2 /* MKNetworkEngine.h */,
				864A6EBF160B7050005A86E2 /* MKNetworkEngine.m */,
				864A6EC0160B7050005A86E2 /* MKNetworkKit.h */,
				864A6EC1160B7050005A86E2 /* MKNetworkOperation.h */,
				864A6EC2160B7050005A86E2 /* MKNetworkOperation.m */,
				864A6EC3160B7050005A86E2 /* Reachability */,
			);
			path = MKNetworkKit;
			sourceTree = "<group>";
		};
		864A6EB1160B7050005A86E2 /* Categories */ = {
			isa = PBXGroup;
			children = (
				864A6EB4160B7050005A86E2 /* NSData+Base64.h */,
				864A6EB5160B7050005A86E2 /* NSData+Base64.m */,
				864A6EB6160B7050005A86E2 /* NSDate+RFC1123.h */,
				864A6EB7160B7050005A86E2 /* NSDate+RFC1123.m */,
				864A6EB8160B7050005A86E2 /* NSDictionary+RequestEncoding.h */,
				864A6EB9160B7050005A86E2 /* NSDictionary+RequestEncoding.m */,
				864A6EBA160B7050005A86E2 /* NSString+MKNetworkKitAdditions.h */,
				864A6EBB160B7050005A86E2 /* NSString+MKNetworkKitAdditions.m */,
				864A6EBC160B7050005A86E2 /* UIAlertView+MKNetworkKitAdditions.h */,
				864A6EBD160B7050005A86E2 /* UIAlertView+MKNetworkKitAdditions.m */,
			);
			path = Categories;
			sourceTree = "<group>";
		};
		864A6EC3160B7050005A86E2 /* Reachability */ = {
			isa = PBXGroup;
			children = (
				864A6EC4160B7050005A86E2 /* Reachability.h */,
				864A6EC5160B7050005A86E2 /* Reachability.m */,
			);
			path = Reachability;
			sourceTree = "<group>";
		};
		866B3A34160D022700A13E81 /* JHWebBrowser */ = {
			isa = PBXGroup;
			children = (
				866B3A35160D022700A13E81 /* Images */,
				866B3A3A160D022700A13E81 /* JHWebBrowser.h */,
				866B3A3B160D022700A13E81 /* JHWebBrowser.m */,
				866B3A3C160D022700A13E81 /* JHWebBrowser.xib */,
			);
			path = JHWebBrowser;
			sourceTree = "<group>";
		};
		866B3A35160D022700A13E81 /* Images */ = {
			isa = PBXGroup;
			children = (
				866B3A36160D022700A13E81 /* backIcon.png */,
				866B3A37160D022700A13E81 /* backIcon@2x.png */,
				866B3A38160D022700A13E81 /* forwardIcon.png */,
				866B3A39160D022700A13E81 /* forwardIcon@2x.png */,
			);
			path = Images;
			sourceTree = "<group>";
		};
		866B3A491610A8EC00A13E81 /* Countdown Banner */ = {
			isa = PBXGroup;
			children = (
				86F25FCC15FA5AEC00A9C7C1 /* M1CountdownViewController.h */,
				86F25FCD15FA5AEC00A9C7C1 /* M1CountdownViewController.m */,
				86F25FCF15FA62D100A9C7C1 /* AMCountdownView.h */,
				86F25FD015FA62D200A9C7C1 /* AMCountdownView.m */,
				866B3A4D1610B6D100A13E81 /* UIView+ParentViewController.h */,
				866B3A4E1610B6D100A13E81 /* UIView+ParentViewController.m */,
				866B3A4A1610A93300A13E81 /* Win-Jenson@2x.png */,
			);
			name = "Countdown Banner";
			sourceTree = "<group>";
		};
		866B3A531610DE2500A13E81 /* Technology Tab */ = {
			isa = PBXGroup;
			children = (
				866B3A501610DE1C00A13E81 /* M1TechnologyViewController.h */,
				866B3A511610DE1C00A13E81 /* M1TechnologyViewController.m */,
				866B3A561610E43100A13E81 /* TechDrivers@2x.png */,
			);
			name = "Technology Tab";
			sourceTree = "<group>";
		};
		86DC1AAA160B969D008531D5 /* Schedule Tab */ = {
			isa = PBXGroup;
			children = (
				863C366515F8EE150015BD7D /* M1ScheduleViewController.h */,
				863C366615F8EE150015BD7D /* M1ScheduleViewController.m */,
				866B3A2C160CC58400A13E81 /* NSString+RelativeDate.h */,
				866B3A2D160CC58400A13E81 /* NSString+RelativeDate.m */,
				86DC1AB1160BA9AD008531D5 /* Schedule.json */,
				866B3A581610E63B00A13E81 /* TechCar@2x.png */,
				86DC1AB3160BCD38008531D5 /* ScheduleHeader@2x.png */,
			);
			name = "Schedule Tab";
			sourceTree = "<group>";
		};
		86DC1AB0160BA012008531D5 /* Supporting Libraries */ = {
			isa = PBXGroup;
			children = (
				864A6EF8160B913C005A86E2 /* JSONKit.h */,
				864A6EF9160B913C005A86E2 /* JSONKit.m */,
				86F25FBD15FA447300A9C7C1 /* AMCountdownTicker */,
				866B3A34160D022700A13E81 /* JHWebBrowser */,
				86E4E9761603E0E000C19AE9 /* LBYouTubePlayer */,
				864A6EB0160B7050005A86E2 /* MKNetworkKit */,
			);
			name = "Supporting Libraries";
			sourceTree = "<group>";
		};
		86E4E940160380EA00C19AE9 /* Tab Bar Icons */ = {
			isa = PBXGroup;
			children = (
				86E4E9411603817D00C19AE9 /* 70-tv.png */,
				86E4E9421603817E00C19AE9 /* 70-tv@2x.png */,
				86E4E9431603817E00C19AE9 /* 91-beaker-2.png */,
				86E4E9441603817E00C19AE9 /* 91-beaker-2@2x.png */,
				86E4E9451603817E00C19AE9 /* 139-flags.png */,
				86E4E9461603817E00C19AE9 /* 139-flags@2x.png */,
				86E4E9471603817E00C19AE9 /* 166-newspaper.png */,
				86E4E9481603817E00C19AE9 /* 166-newspaper@2x.png */,
			);
			name = "Tab Bar Icons";
			sourceTree = "<group>";
		};
		86E4E9761603E0E000C19AE9 /* LBYouTubePlayer */ = {
			isa = PBXGroup;
			children = (
				864A6EEF160B912E005A86E2 /* LBYouTubeMoviePlayerController.h */,
				864A6EF0160B912E005A86E2 /* LBYouTubeMoviePlayerController.m */,
				864A6EF1160B912E005A86E2 /* LBYouTubePlayerController.h */,
				864A6EF2160B912E005A86E2 /* LBYouTubePlayerController.m */,
				864A6EF3160B912E005A86E2 /* LBYouTubePlayerViewController.h */,
				864A6EF4160B912E005A86E2 /* LBYouTubePlayerViewController.m */,
			);
			name = LBYouTubePlayer;
			sourceTree = "<group>";
		};
		86E4E98E1608CB0A00C19AE9 /* Video Tab */ = {
			isa = PBXGroup;
			children = (
				86E4E95B16039EE000C19AE9 /* M1VideoViewController.h */,
				86E4E95C16039EE000C19AE9 /* M1VideoViewController.m */,
				86E4E96A1603BBD600C19AE9 /* M1VideoLoadingView.h */,
				86E4E96B1603BBD600C19AE9 /* M1VideoLoadingView.m */,
				86E4E9881607B22400C19AE9 /* VideoPlayButton@2x.png */,
				86E4E96D1603BCE600C19AE9 /* VideoThumbnailFrame@2x.png */,
				86E4E95E1603A69100C19AE9 /* VideoCarousel@2x.png */,
				86E4E9601603A6DE00C19AE9 /* VideoCarousel.png */,
				86E4E9621603AF5E00C19AE9 /* VideoLoading-1@2x.png */,
				86E4E9631603AF5E00C19AE9 /* VideoLoading-2@2x.png */,
				86E4E9641603AF5E00C19AE9 /* VideoLoading-3@2x.png */,
				86E4E9651603AF5E00C19AE9 /* VideoLoading-4@2x.png */,
			);
			name = "Video Tab";
			sourceTree = "<group>";
		};
		86E4E98F1608CB7100C19AE9 /* User Interface */ = {
			isa = PBXGroup;
			children = (
				86F25FF415FE266500A9C7C1 /* M1NavigationBar.h */,
				86F25FF515FE266600A9C7C1 /* M1NavigationBar.m */,
				86F25FF715FE26EE00A9C7C1 /* NavBar@2x.png */,
			);
			name = "User Interface";
			sourceTree = "<group>";
		};
		86E4EBB0160A028000C19AE9 /* Map View */ = {
			isa = PBXGroup;
			children = (
				86F25FD915FA813A00A9C7C1 /* M1MapViewController.h */,
				86F25FDA15FA813A00A9C7C1 /* M1MapViewController.m */,
				86E4EBAA1609FE2800C19AE9 /* TileOverlay.h */,
				86E4EBAB1609FE3200C19AE9 /* TileOverlay.m */,
				86E4EBAC1609FE3500C19AE9 /* TileOverlayView.h */,
				86E4EBAD1609FE3800C19AE9 /* TileOverlayView.m */,
				86F2602915FE6BC400A9C7C1 /* M1MapAnnotation.h */,
				86F2602A15FE6BC500A9C7C1 /* M1MapAnnotation.m */,
				864A6E80160B4EB2005A86E2 /* Pins */,
				86E4EBA81609FDF900C19AE9 /* Tiles */,
			);
			name = "Map View";
			sourceTree = "<group>";
		};
		86F25FBD15FA447300A9C7C1 /* AMCountdownTicker */ = {
			isa = PBXGroup;
			children = (
				86F25FC115FA449E00A9C7C1 /* Supporting Images */,
				863C367515F8EF410015BD7D /* AMCountdownModel.h */,
				863C367615F8EF410015BD7D /* AMCountdownModel.m */,
				863C368515F907D80015BD7D /* AMNumberView.h */,
				863C368615F907D80015BD7D /* AMNumberView.m */,
				863C368F15F907EF0015BD7D /* SBTickerView */,
			);
			name = AMCountdownTicker;
			path = "Mobil 1 Fan Guide";
			sourceTree = "<group>";
		};
		86F25FC115FA449E00A9C7C1 /* Supporting Images */ = {
			isa = PBXGroup;
			children = (
				86F25FF215FE231500A9C7C1 /* CountdownTitle@2x.png */,
				86F25FE415FAA3B400A9C7C1 /* TickerGradient@2x.png */,
				86E4E93E160379F000C19AE9 /* TickerGradientExtended@2x.png */,
				86F25FC215FA456500A9C7C1 /* TickerBackground@2x.png */,
				86F25FE215FA92DD00A9C7C1 /* TickerFrame@2x.png */,
			);
			name = "Supporting Images";
			sourceTree = "<group>";
		};
/* End PBXGroup section */

/* Begin PBXNativeTarget section */
		863C364415F8EE150015BD7D /* F1 Austin */ = {
			isa = PBXNativeTarget;
			buildConfigurationList = 863C366E15F8EE150015BD7D /* Build configuration list for PBXNativeTarget "F1 Austin" */;
			buildPhases = (
				863C364115F8EE150015BD7D /* Sources */,
				863C364215F8EE150015BD7D /* Frameworks */,
				863C364315F8EE150015BD7D /* Resources */,
			);
			buildRules = (
			);
			dependencies = (
			);
			name = "F1 Austin";
			productName = "Mobil 1 Fan Guide";
			productReference = 863C364515F8EE150015BD7D /* F1 Austin.app */;
			productType = "com.apple.product-type.application";
		};
/* End PBXNativeTarget section */

/* Begin PBXProject section */
		863C363C15F8EE140015BD7D /* Project object */ = {
			isa = PBXProject;
			attributes = {
				CLASSPREFIX = M1;
				LastUpgradeCheck = 0450;
				ORGANIZATIONNAME = "Albert Martin";
			};
			buildConfigurationList = 863C363F15F8EE140015BD7D /* Build configuration list for PBXProject "Mobil 1 Fan Guide" */;
			compatibilityVersion = "Xcode 3.2";
			developmentRegion = English;
			hasScannedForEncodings = 0;
			knownRegions = (
				en,
			);
			mainGroup = 863C363A15F8EE140015BD7D;
			productRefGroup = 863C364615F8EE150015BD7D /* Products */;
			projectDirPath = "";
			projectRoot = "";
			targets = (
				863C364415F8EE150015BD7D /* F1 Austin */,
			);
		};
/* End PBXProject section */

/* Begin PBXResourcesBuildPhase section */
		863C364315F8EE150015BD7D /* Resources */ = {
			isa = PBXResourcesBuildPhase;
			buildActionMask = 2147483647;
			files = (
				863C365415F8EE150015BD7D /* InfoPlist.strings in Resources */,
				863C365D15F8EE150015BD7D /* MainStoryboard.storyboard in Resources */,
				863C366215F8EE150015BD7D /* first.png in Resources */,
				863C366415F8EE150015BD7D /* first@2x.png in Resources */,
				863C366915F8EE150015BD7D /* second.png in Resources */,
				863C366B15F8EE150015BD7D /* second@2x.png in Resources */,
				86F25FC315FA456500A9C7C1 /* TickerBackground@2x.png in Resources */,
				86F25FE315FA92DD00A9C7C1 /* TickerFrame@2x.png in Resources */,
				86F25FE515FAA3B400A9C7C1 /* TickerGradient@2x.png in Resources */,
				86F25FEC15FE1EDB00A9C7C1 /* Novecentowide-Bold.otf in Resources */,
				86F25FED15FE1EDE00A9C7C1 /* Novecentowide-Book.otf in Resources */,
				86F25FEE15FE1EE000A9C7C1 /* Novecentowide-DemiBold.otf in Resources */,
				86F25FF015FE1EE500A9C7C1 /* Novecentowide-Medium.otf in Resources */,
				86F25FEF15FE1EE300A9C7C1 /* Novecentowide-Light.otf in Resources */,
				86F25FF115FE1EE800A9C7C1 /* Novecentowide-Normal.otf in Resources */,
				86F25FF315FE231500A9C7C1 /* CountdownTitle@2x.png in Resources */,
				86F25FF815FE26EF00A9C7C1 /* NavBar@2x.png in Resources */,
				86F2600415FE344800A9C7C1 /* TrackOverlay@2x.png in Resources */,
				86F2601315FE38DB00A9C7C1 /* 11-map-marker.png in Resources */,
				86F2601515FE38FD00A9C7C1 /* 12-map-pin.png in Resources */,
				86F2601715FE396A00A9C7C1 /* 04-eye.png in Resources */,
				86F2602415FE404800A9C7C1 /* InfoPane@2x.png in Resources */,
				86F2602615FE45CC00A9C7C1 /* InfoDrawerBackground@2x.png in Resources */,
				86F2602815FE485100A9C7C1 /* InfoDivider@2x.png in Resources */,
				86F2602D15FE6F7E00A9C7C1 /* Render.jpg in Resources */,
				86E4E93216036A4A00C19AE9 /* AppIcon.png in Resources */,
				86E4E93416036A4D00C19AE9 /* AppIcon@2x.png in Resources */,
				86E4E93916036E9F00C19AE9 /* TableGradient@2x.png in Resources */,
				86E4E93F160379F000C19AE9 /* TickerGradientExtended@2x.png in Resources */,
				86E4E9491603817E00C19AE9 /* 70-tv.png in Resources */,
				86E4E94A1603817E00C19AE9 /* 70-tv@2x.png in Resources */,
				86E4E94B1603817E00C19AE9 /* 91-beaker-2.png in Resources */,
				86E4E94C1603817E00C19AE9 /* 91-beaker-2@2x.png in Resources */,
				86E4E94D1603817E00C19AE9 /* 139-flags.png in Resources */,
				86E4E94E1603817E00C19AE9 /* 139-flags@2x.png in Resources */,
				86E4E94F1603817E00C19AE9 /* 166-newspaper.png in Resources */,
				86E4E9501603817E00C19AE9 /* 166-newspaper@2x.png in Resources */,
				86E4E9521603863A00C19AE9 /* Default@2x.png in Resources */,
				86E4E9541603864300C19AE9 /* Default.png in Resources */,
				86E4E9561603869200C19AE9 /* Default-568h@2x.png in Resources */,
				86E4E9581603888400C19AE9 /* Linen@2x.png in Resources */,
				86E4E95F1603A69100C19AE9 /* VideoCarousel@2x.png in Resources */,
				86E4E9611603A6DE00C19AE9 /* VideoCarousel.png in Resources */,
				86E4E9661603AF5E00C19AE9 /* VideoLoading-1@2x.png in Resources */,
				86E4E9671603AF5E00C19AE9 /* VideoLoading-2@2x.png in Resources */,
				86E4E9681603AF5E00C19AE9 /* VideoLoading-3@2x.png in Resources */,
				86E4E9691603AF5E00C19AE9 /* VideoLoading-4@2x.png in Resources */,
				86E4E96E1603BCE600C19AE9 /* VideoThumbnailFrame@2x.png in Resources */,
				86E4E9891607B22500C19AE9 /* VideoPlayButton@2x.png in Resources */,
				86E4EBA91609FE0200C19AE9 /* Tiles in Resources */,
				86A6F9FE160A64CC00780A2E /* Turn1@2x.png in Resources */,
				86A6FA00160A657F00780A2E /* Turn2@2x.png in Resources */,
				864A6E94160B4EC0005A86E2 /* Turn3@2x.png in Resources */,
				864A6E95160B4EC0005A86E2 /* Turn4@2x.png in Resources */,
				864A6E96160B4EC0005A86E2 /* Turn5@2x.png in Resources */,
				864A6E97160B4EC0005A86E2 /* Turn6@2x.png in Resources */,
				864A6E98160B4EC0005A86E2 /* Turn7@2x.png in Resources */,
				864A6E99160B4EC0005A86E2 /* Turn8@2x.png in Resources */,
				864A6E9A160B4EC0005A86E2 /* Turn9@2x.png in Resources */,
				864A6E9B160B4EC0005A86E2 /* Turn10@2x.png in Resources */,
				864A6E9C160B4EC0005A86E2 /* Turn11@2x.png in Resources */,
				864A6E9D160B4EC0005A86E2 /* Turn12@2x.png in Resources */,
				864A6E9E160B4EC0005A86E2 /* Turn13@2x.png in Resources */,
				864A6E9F160B4EC0005A86E2 /* Turn14@2x.png in Resources */,
				864A6EA0160B4EC0005A86E2 /* Turn15@2x.png in Resources */,
				864A6EA1160B4EC0005A86E2 /* Turn16@2x.png in Resources */,
				864A6EA2160B4EC0005A86E2 /* Turn17@2x.png in Resources */,
				864A6EA3160B4EC0005A86E2 /* Turn18@2x.png in Resources */,
				864A6EA4160B4EC0005A86E2 /* Turn19@2x.png in Resources */,
				864A6EA5160B4EC0005A86E2 /* Turn20@2x.png in Resources */,
				86DC1AB2160BA9AD008531D5 /* Schedule.json in Resources */,
				86DC1AB4160BCD38008531D5 /* ScheduleHeader@2x.png in Resources */,
				866B3A3D160D022700A13E81 /* backIcon.png in Resources */,
				866B3A3E160D022700A13E81 /* backIcon@2x.png in Resources */,
				866B3A3F160D022700A13E81 /* forwardIcon.png in Resources */,
				866B3A40160D022700A13E81 /* forwardIcon@2x.png in Resources */,
				866B3A42160D022700A13E81 /* JHWebBrowser.xib in Resources */,
				866B3A4B1610A93300A13E81 /* Win-Jenson@2x.png in Resources */,
				866B3A571610E43100A13E81 /* TechDrivers@2x.png in Resources */,
				866B3A591610E63B00A13E81 /* TechCar@2x.png in Resources */,
			);
			runOnlyForDeploymentPostprocessing = 0;
		};
/* End PBXResourcesBuildPhase section */

/* Begin PBXSourcesBuildPhase section */
		863C364115F8EE150015BD7D /* Sources */ = {
			isa = PBXSourcesBuildPhase;
			buildActionMask = 2147483647;
			files = (
				863C369615F90EAB0015BD7D /* UIView+SBExtras.m in Sources */,
				863C369215F90A030015BD7D /* SBTickerView.m in Sources */,
				863C369315F90A030015BD7D /* SBDoubleSidedLayer.m in Sources */,
				863C369415F90A030015BD7D /* SBGradientOverlayLayer.m in Sources */,
				863C369515F90A030015BD7D /* AMNumberView.m in Sources */,
				863C365615F8EE150015BD7D /* main.m in Sources */,
				863C365A15F8EE150015BD7D /* M1AppDelegate.m in Sources */,
				863C366015F8EE150015BD7D /* M1FirstViewController.m in Sources */,
				863C366715F8EE150015BD7D /* M1ScheduleViewController.m in Sources */,
				863C367715F8EF410015BD7D /* AMCountdownModel.m in Sources */,
				86F25FCE15FA5AEC00A9C7C1 /* M1CountdownViewController.m in Sources */,
				86F25FD115FA62D200A9C7C1 /* AMCountdownView.m in Sources */,
				86F25FDB15FA813A00A9C7C1 /* M1MapViewController.m in Sources */,
				86F25FF615FE266600A9C7C1 /* M1NavigationBar.m in Sources */,
				86F2602215FE3D4000A9C7C1 /* UIView+Origami.m in Sources */,
				86F2602B15FE6BC600A9C7C1 /* M1MapAnnotation.m in Sources */,
				86E4E95D16039EE000C19AE9 /* M1VideoViewController.m in Sources */,
				86E4E96C1603BBD600C19AE9 /* M1VideoLoadingView.m in Sources */,
				86E4EBAE1609FE3900C19AE9 /* TileOverlay.m in Sources */,
				86E4EBAF1609FE3900C19AE9 /* TileOverlayView.m in Sources */,
				864A6EC7160B7050005A86E2 /* NSData+Base64.m in Sources */,
				864A6EC8160B7050005A86E2 /* NSDate+RFC1123.m in Sources */,
				864A6EC9160B7050005A86E2 /* NSDictionary+RequestEncoding.m in Sources */,
				864A6ECA160B7050005A86E2 /* NSString+MKNetworkKitAdditions.m in Sources */,
				864A6ECB160B7050005A86E2 /* UIAlertView+MKNetworkKitAdditions.m in Sources */,
				864A6ECC160B7050005A86E2 /* MKNetworkEngine.m in Sources */,
				864A6ECD160B7050005A86E2 /* MKNetworkOperation.m in Sources */,
				864A6ECE160B7050005A86E2 /* Reachability.m in Sources */,
				864A6EF5160B912E005A86E2 /* LBYouTubeMoviePlayerController.m in Sources */,
				864A6EF6160B912E005A86E2 /* LBYouTubePlayerController.m in Sources */,
				864A6EF7160B912E005A86E2 /* LBYouTubePlayerViewController.m in Sources */,
				864A6EFA160B913C005A86E2 /* JSONKit.m in Sources */,
				866B3A2E160CC58400A13E81 /* NSString+RelativeDate.m in Sources */,
				866B3A41160D022700A13E81 /* JHWebBrowser.m in Sources */,
				866B3A4F1610B6D100A13E81 /* UIView+ParentViewController.m in Sources */,
				866B3A521610DE1C00A13E81 /* M1TechnologyViewController.m in Sources */,
			);
			runOnlyForDeploymentPostprocessing = 0;
		};
/* End PBXSourcesBuildPhase section */

/* Begin PBXVariantGroup section */
		863C365215F8EE150015BD7D /* InfoPlist.strings */ = {
			isa = PBXVariantGroup;
			children = (
				863C365315F8EE150015BD7D /* en */,
			);
			name = InfoPlist.strings;
			sourceTree = "<group>";
		};
		863C365B15F8EE150015BD7D /* MainStoryboard.storyboard */ = {
			isa = PBXVariantGroup;
			children = (
				863C365C15F8EE150015BD7D /* en */,
			);
			name = MainStoryboard.storyboard;
			sourceTree = "<group>";
		};
/* End PBXVariantGroup section */

/* Begin XCBuildConfiguration section */
		863C366C15F8EE150015BD7D /* Debug */ = {
			isa = XCBuildConfiguration;
			buildSettings = {
				ALWAYS_SEARCH_USER_PATHS = NO;
				CLANG_CXX_LANGUAGE_STANDARD = "gnu++0x";
				CLANG_CXX_LIBRARY = "libc++";
				CLANG_ENABLE_OBJC_ARC = YES;
				CLANG_WARN__DUPLICATE_METHOD_MATCH = YES;
				"CODE_SIGN_IDENTITY[sdk=iphoneos*]" = "iPhone Developer";
				COPY_PHASE_STRIP = NO;
				GCC_C_LANGUAGE_STANDARD = gnu99;
				GCC_DYNAMIC_NO_PIC = NO;
				GCC_OPTIMIZATION_LEVEL = 0;
				GCC_PREPROCESSOR_DEFINITIONS = (
					"DEBUG=1",
					"$(inherited)",
				);
				GCC_SYMBOLS_PRIVATE_EXTERN = NO;
				GCC_WARN_ABOUT_RETURN_TYPE = YES;
				GCC_WARN_UNINITIALIZED_AUTOS = YES;
				GCC_WARN_UNUSED_VARIABLE = YES;
				IPHONEOS_DEPLOYMENT_TARGET = 6.0;
				SDKROOT = iphoneos;
			};
			name = Debug;
		};
		863C366D15F8EE150015BD7D /* Release */ = {
			isa = XCBuildConfiguration;
			buildSettings = {
				ALWAYS_SEARCH_USER_PATHS = NO;
				CLANG_CXX_LANGUAGE_STANDARD = "gnu++0x";
				CLANG_CXX_LIBRARY = "libc++";
				CLANG_ENABLE_OBJC_ARC = YES;
				CLANG_WARN__DUPLICATE_METHOD_MATCH = YES;
				"CODE_SIGN_IDENTITY[sdk=iphoneos*]" = "iPhone Developer";
				COPY_PHASE_STRIP = YES;
				GCC_C_LANGUAGE_STANDARD = gnu99;
				GCC_WARN_ABOUT_RETURN_TYPE = YES;
				GCC_WARN_UNINITIALIZED_AUTOS = YES;
				GCC_WARN_UNUSED_VARIABLE = YES;
				IPHONEOS_DEPLOYMENT_TARGET = 6.0;
				OTHER_CFLAGS = "-DNS_BLOCK_ASSERTIONS=1";
				SDKROOT = iphoneos;
				VALIDATE_PRODUCT = YES;
			};
			name = Release;
		};
		863C366F15F8EE150015BD7D /* Debug */ = {
			isa = XCBuildConfiguration;
			buildSettings = {
				GCC_PRECOMPILE_PREFIX_HEADER = YES;
				GCC_PREFIX_HEADER = "Mobil 1 Fan Guide/Mobil 1 Fan Guide-Prefix.pch";
				INFOPLIST_FILE = "Mobil 1 Fan Guide/Mobil 1 Fan Guide-Info.plist";
				PRODUCT_NAME = "$(TARGET_NAME)";
				WRAPPER_EXTENSION = app;
			};
			name = Debug;
		};
		863C367015F8EE150015BD7D /* Release */ = {
			isa = XCBuildConfiguration;
			buildSettings = {
				GCC_PRECOMPILE_PREFIX_HEADER = YES;
				GCC_PREFIX_HEADER = "Mobil 1 Fan Guide/Mobil 1 Fan Guide-Prefix.pch";
				INFOPLIST_FILE = "Mobil 1 Fan Guide/Mobil 1 Fan Guide-Info.plist";
				PRODUCT_NAME = "$(TARGET_NAME)";
				WRAPPER_EXTENSION = app;
			};
			name = Release;
		};
/* End XCBuildConfiguration section */

/* Begin XCConfigurationList section */
		863C363F15F8EE140015BD7D /* Build configuration list for PBXProject "Mobil 1 Fan Guide" */ = {
			isa = XCConfigurationList;
			buildConfigurations = (
				863C366C15F8EE150015BD7D /* Debug */,
				863C366D15F8EE150015BD7D /* Release */,
			);
			defaultConfigurationIsVisible = 0;
			defaultConfigurationName = Release;
		};
		863C366E15F8EE150015BD7D /* Build configuration list for PBXNativeTarget "F1 Austin" */ = {
			isa = XCConfigurationList;
			buildConfigurations = (
				863C366F15F8EE150015BD7D /* Debug */,
				863C367015F8EE150015BD7D /* Release */,
			);
			defaultConfigurationIsVisible = 0;
			defaultConfigurationName = Release;
		};
/* End XCConfigurationList section */
	};
	rootObject = 863C363C15F8EE140015BD7D /* Project object */;
}
